// !$*UTF8*$!
{
	archiveVersion = 1;
	classes = {
	};
	objectVersion = 46;
	objects = {

/* Begin PBXBuildFile section */
		7E17C7E11CCB8F9F00DBF8D7 /* RuntimeTestViewController.m in Sources */ = {isa = PBXBuildFile; fileRef = 7E17C7E01CCB8F9F00DBF8D7 /* RuntimeTestViewController.m */; };
		7E427F821CEB4ADD0031EA69 /* EditImageVC.m in Sources */ = {isa = PBXBuildFile; fileRef = 7E427F811CEB4ADD0031EA69 /* EditImageVC.m */; };
		7E427F851CEB51D10031EA69 /* ImagePickerVC.m in Sources */ = {isa = PBXBuildFile; fileRef = 7E427F841CEB51D10031EA69 /* ImagePickerVC.m */; };
		7E427F881CEB51DF0031EA69 /* AlbumPickerVC.m in Sources */ = {isa = PBXBuildFile; fileRef = 7E427F871CEB51DF0031EA69 /* AlbumPickerVC.m */; };
		7EA093C21CE57C68004EE471 /* TransitionDemoVC.m in Sources */ = {isa = PBXBuildFile; fileRef = 7EA093C11CE57C68004EE471 /* TransitionDemoVC.m */; };
		7EA093CA1CE57D69004EE471 /* thing01.jpg in Resources */ = {isa = PBXBuildFile; fileRef = 7EA093C51CE57D69004EE471 /* thing01.jpg */; };
		7EA093CB1CE57D69004EE471 /* thing02.jpg in Resources */ = {isa = PBXBuildFile; fileRef = 7EA093C61CE57D69004EE471 /* thing02.jpg */; };
		7EA093CC1CE57D69004EE471 /* thing03.jpg in Resources */ = {isa = PBXBuildFile; fileRef = 7EA093C71CE57D69004EE471 /* thing03.jpg */; };
		7EA093CD1CE57D69004EE471 /* thing04.jpg in Resources */ = {isa = PBXBuildFile; fileRef = 7EA093C81CE57D69004EE471 /* thing04.jpg */; };
		7EA093CE1CE57D69004EE471 /* thing05.jpg in Resources */ = {isa = PBXBuildFile; fileRef = 7EA093C91CE57D69004EE471 /* thing05.jpg */; };
		7EA093D11CE58216004EE471 /* TransitionDemoSecVC.m in Sources */ = {isa = PBXBuildFile; fileRef = 7EA093D01CE58216004EE471 /* TransitionDemoSecVC.m */; };
		7EA093D31CE58285004EE471 /* TransitionDemo.storyboard in Resources */ = {isa = PBXBuildFile; fileRef = 7EA093D21CE58285004EE471 /* TransitionDemo.storyboard */; };
		7EA093D61CE5B1E2004EE471 /* TDDemoCell.m in Sources */ = {isa = PBXBuildFile; fileRef = 7EA093D51CE5B1E2004EE471 /* TDDemoCell.m */; };
		7EA093D91CE5BDE8004EE471 /* TDModel.m in Sources */ = {isa = PBXBuildFile; fileRef = 7EA093D81CE5BDE8004EE471 /* TDModel.m */; };
		7EA093DC1CE5C850004EE471 /* TDTransitionFromFirToSec.m in Sources */ = {isa = PBXBuildFile; fileRef = 7EA093DB1CE5C850004EE471 /* TDTransitionFromFirToSec.m */; };
		7EA093DF1CE5CB07004EE471 /* TDTransitionFromSecToFir.m in Sources */ = {isa = PBXBuildFile; fileRef = 7EA093DE1CE5CB07004EE471 /* TDTransitionFromSecToFir.m */; };
		7EC3CC2A1CC8C92F00952B4D /* TestViewController.m in Sources */ = {isa = PBXBuildFile; fileRef = 7EC3CC291CC8C92F00952B4D /* TestViewController.m */; };
		7EC3CC2D1CC9FE4100952B4D /* AutolayoutTestViewController.m in Sources */ = {isa = PBXBuildFile; fileRef = 7EC3CC2C1CC9FE4100952B4D /* AutolayoutTestViewController.m */; };
		7EC3CC311CCA378A00952B4D /* XibTestViewController.m in Sources */ = {isa = PBXBuildFile; fileRef = 7EC3CC2F1CCA378A00952B4D /* XibTestViewController.m */; };
		7EC3CC321CCA378A00952B4D /* XibTestViewController.xib in Resources */ = {isa = PBXBuildFile; fileRef = 7EC3CC301CCA378A00952B4D /* XibTestViewController.xib */; };
		7EC3CC361CCA570000952B4D /* FirstTableViewCell.m in Sources */ = {isa = PBXBuildFile; fileRef = 7EC3CC341CCA570000952B4D /* FirstTableViewCell.m */; };
		7EC3CC371CCA570000952B4D /* FirstTableViewCell.xib in Resources */ = {isa = PBXBuildFile; fileRef = 7EC3CC351CCA570000952B4D /* FirstTableViewCell.xib */; };
		7EC3CC3B1CCA571D00952B4D /* FirstTableViewController.m in Sources */ = {isa = PBXBuildFile; fileRef = 7EC3CC391CCA571D00952B4D /* FirstTableViewController.m */; };
		7EC3CC3C1CCA571D00952B4D /* FirstTableViewController.xib in Resources */ = {isa = PBXBuildFile; fileRef = 7EC3CC3A1CCA571D00952B4D /* FirstTableViewController.xib */; };
		7EC3CC3F1CCA596D00952B4D /* star_orange_tiny@2x.png in Resources */ = {isa = PBXBuildFile; fileRef = 7EC3CC3D1CCA596D00952B4D /* star_orange_tiny@2x.png */; };
		7EC3CC401CCA596D00952B4D /* star_orange_tiny@3x.png in Resources */ = {isa = PBXBuildFile; fileRef = 7EC3CC3E1CCA596D00952B4D /* star_orange_tiny@3x.png */; };
		7ED2658B1CEB655900173BE3 /* ImagePickerCell.m in Sources */ = {isa = PBXBuildFile; fileRef = 7ED2658A1CEB655900173BE3 /* ImagePickerCell.m */; };
		7ED265931CEC21C100173BE3 /* dots@2x.png in Resources */ = {isa = PBXBuildFile; fileRef = 7ED2658D1CEC21C100173BE3 /* dots@2x.png */; };
		7ED265941CEC21C100173BE3 /* dots@3x.png in Resources */ = {isa = PBXBuildFile; fileRef = 7ED2658E1CEC21C100173BE3 /* dots@3x.png */; };
		7ED265951CEC21C100173BE3 /* selecte@2x.png in Resources */ = {isa = PBXBuildFile; fileRef = 7ED2658F1CEC21C100173BE3 /* selecte@2x.png */; };
		7ED265961CEC21C100173BE3 /* selecte@3x.png in Resources */ = {isa = PBXBuildFile; fileRef = 7ED265901CEC21C100173BE3 /* selecte@3x.png */; };
		7ED265971CEC21C100173BE3 /* selected@2x.png in Resources */ = {isa = PBXBuildFile; fileRef = 7ED265911CEC21C100173BE3 /* selected@2x.png */; };
		7ED265981CEC21C100173BE3 /* selected@3x.png in Resources */ = {isa = PBXBuildFile; fileRef = 7ED265921CEC21C100173BE3 /* selected@3x.png */; };
		7ED2659B1CEC484800173BE3 /* ImagePickerUploadButton.m in Sources */ = {isa = PBXBuildFile; fileRef = 7ED2659A1CEC484800173BE3 /* ImagePickerUploadButton.m */; };
		7ED2659F1CEC5CBC00173BE3 /* PhotoBrowserVC.m in Sources */ = {isa = PBXBuildFile; fileRef = 7ED2659E1CEC5CBC00173BE3 /* PhotoBrowserVC.m */; };
		7EFA03B21CC71CE300B80B9B /* main.m in Sources */ = {isa = PBXBuildFile; fileRef = 7EFA03B11CC71CE300B80B9B /* main.m */; };
		7EFA03B51CC71CE300B80B9B /* AppDelegate.m in Sources */ = {isa = PBXBuildFile; fileRef = 7EFA03B41CC71CE300B80B9B /* AppDelegate.m */; };
		7EFA03BD1CC71CE300B80B9B /* Assets.xcassets in Resources */ = {isa = PBXBuildFile; fileRef = 7EFA03BC1CC71CE300B80B9B /* Assets.xcassets */; };
		BC04B2CDB3C414F7537DD579 /* libPods.a in Frameworks */ = {isa = PBXBuildFile; fileRef = 5882B094DE67916288F78216 /* libPods.a */; };
/* End PBXBuildFile section */

/* Begin PBXFileReference section */
		5882B094DE67916288F78216 /* libPods.a */ = {isa = PBXFileReference; explicitFileType = archive.ar; includeInIndex = 0; path = libPods.a; sourceTree = BUILT_PRODUCTS_DIR; };
		7D60D46F720137195F3EC380 /* Pods.debug.xcconfig */ = {isa = PBXFileReference; includeInIndex = 1; lastKnownFileType = text.xcconfig; name = Pods.debug.xcconfig; path = "Pods/Target Support Files/Pods/Pods.debug.xcconfig"; sourceTree = "<group>"; };
		7E17C7DF1CCB8F9F00DBF8D7 /* RuntimeTestViewController.h */ = {isa = PBXFileReference; fileEncoding = 4; lastKnownFileType = sourcecode.c.h; path = RuntimeTestViewController.h; sourceTree = "<group>"; };
		7E17C7E01CCB8F9F00DBF8D7 /* RuntimeTestViewController.m */ = {isa = PBXFileReference; fileEncoding = 4; lastKnownFileType = sourcecode.c.objc; path = RuntimeTestViewController.m; sourceTree = "<group>"; };
		7E427F801CEB4ADD0031EA69 /* EditImageVC.h */ = {isa = PBXFileReference; fileEncoding = 4; lastKnownFileType = sourcecode.c.h; path = EditImageVC.h; sourceTree = "<group>"; };
		7E427F811CEB4ADD0031EA69 /* EditImageVC.m */ = {isa = PBXFileReference; fileEncoding = 4; lastKnownFileType = sourcecode.c.objc; path = EditImageVC.m; sourceTree = "<group>"; };
		7E427F831CEB51D10031EA69 /* ImagePickerVC.h */ = {isa = PBXFileReference; fileEncoding = 4; lastKnownFileType = sourcecode.c.h; path = ImagePickerVC.h; sourceTree = "<group>"; };
		7E427F841CEB51D10031EA69 /* ImagePickerVC.m */ = {isa = PBXFileReference; fileEncoding = 4; lastKnownFileType = sourcecode.c.objc; path = ImagePickerVC.m; sourceTree = "<group>"; };
		7E427F861CEB51DF0031EA69 /* AlbumPickerVC.h */ = {isa = PBXFileReference; fileEncoding = 4; lastKnownFileType = sourcecode.c.h; path = AlbumPickerVC.h; sourceTree = "<group>"; };
		7E427F871CEB51DF0031EA69 /* AlbumPickerVC.m */ = {isa = PBXFileReference; fileEncoding = 4; lastKnownFileType = sourcecode.c.objc; path = AlbumPickerVC.m; sourceTree = "<group>"; };
		7EA093C01CE57C68004EE471 /* TransitionDemoVC.h */ = {isa = PBXFileReference; fileEncoding = 4; lastKnownFileType = sourcecode.c.h; path = TransitionDemoVC.h; sourceTree = "<group>"; };
		7EA093C11CE57C68004EE471 /* TransitionDemoVC.m */ = {isa = PBXFileReference; fileEncoding = 4; lastKnownFileType = sourcecode.c.objc; path = TransitionDemoVC.m; sourceTree = "<group>"; };
		7EA093C51CE57D69004EE471 /* thing01.jpg */ = {isa = PBXFileReference; lastKnownFileType = image.jpeg; path = thing01.jpg; sourceTree = "<group>"; };
		7EA093C61CE57D69004EE471 /* thing02.jpg */ = {isa = PBXFileReference; lastKnownFileType = image.jpeg; path = thing02.jpg; sourceTree = "<group>"; };
		7EA093C71CE57D69004EE471 /* thing03.jpg */ = {isa = PBXFileReference; lastKnownFileType = image.jpeg; path = thing03.jpg; sourceTree = "<group>"; };
		7EA093C81CE57D69004EE471 /* thing04.jpg */ = {isa = PBXFileReference; lastKnownFileType = image.jpeg; path = thing04.jpg; sourceTree = "<group>"; };
		7EA093C91CE57D69004EE471 /* thing05.jpg */ = {isa = PBXFileReference; lastKnownFileType = image.jpeg; path = thing05.jpg; sourceTree = "<group>"; };
		7EA093CF1CE58216004EE471 /* TransitionDemoSecVC.h */ = {isa = PBXFileReference; fileEncoding = 4; lastKnownFileType = sourcecode.c.h; path = TransitionDemoSecVC.h; sourceTree = "<group>"; };
		7EA093D01CE58216004EE471 /* TransitionDemoSecVC.m */ = {isa = PBXFileReference; fileEncoding = 4; lastKnownFileType = sourcecode.c.objc; path = TransitionDemoSecVC.m; sourceTree = "<group>"; };
		7EA093D21CE58285004EE471 /* TransitionDemo.storyboard */ = {isa = PBXFileReference; fileEncoding = 4; lastKnownFileType = file.storyboard; path = TransitionDemo.storyboard; sourceTree = "<group>"; };
		7EA093D41CE5B1E2004EE471 /* TDDemoCell.h */ = {isa = PBXFileReference; fileEncoding = 4; lastKnownFileType = sourcecode.c.h; path = TDDemoCell.h; sourceTree = "<group>"; };
		7EA093D51CE5B1E2004EE471 /* TDDemoCell.m */ = {isa = PBXFileReference; fileEncoding = 4; lastKnownFileType = sourcecode.c.objc; path = TDDemoCell.m; sourceTree = "<group>"; };
		7EA093D71CE5BDE8004EE471 /* TDModel.h */ = {isa = PBXFileReference; fileEncoding = 4; lastKnownFileType = sourcecode.c.h; path = TDModel.h; sourceTree = "<group>"; };
		7EA093D81CE5BDE8004EE471 /* TDModel.m */ = {isa = PBXFileReference; fileEncoding = 4; lastKnownFileType = sourcecode.c.objc; path = TDModel.m; sourceTree = "<group>"; };
		7EA093DA1CE5C850004EE471 /* TDTransitionFromFirToSec.h */ = {isa = PBXFileReference; fileEncoding = 4; lastKnownFileType = sourcecode.c.h; path = TDTransitionFromFirToSec.h; sourceTree = "<group>"; };
		7EA093DB1CE5C850004EE471 /* TDTransitionFromFirToSec.m */ = {isa = PBXFileReference; fileEncoding = 4; lastKnownFileType = sourcecode.c.objc; path = TDTransitionFromFirToSec.m; sourceTree = "<group>"; };
		7EA093DD1CE5CB07004EE471 /* TDTransitionFromSecToFir.h */ = {isa = PBXFileReference; fileEncoding = 4; lastKnownFileType = sourcecode.c.h; path = TDTransitionFromSecToFir.h; sourceTree = "<group>"; };
		7EA093DE1CE5CB07004EE471 /* TDTransitionFromSecToFir.m */ = {isa = PBXFileReference; fileEncoding = 4; lastKnownFileType = sourcecode.c.objc; path = TDTransitionFromSecToFir.m; sourceTree = "<group>"; };
		7EC3CC281CC8C92F00952B4D /* TestViewController.h */ = {isa = PBXFileReference; fileEncoding = 4; lastKnownFileType = sourcecode.c.h; path = TestViewController.h; sourceTree = "<group>"; };
		7EC3CC291CC8C92F00952B4D /* TestViewController.m */ = {isa = PBXFileReference; fileEncoding = 4; lastKnownFileType = sourcecode.c.objc; path = TestViewController.m; sourceTree = "<group>"; };
		7EC3CC2B1CC9FE4100952B4D /* AutolayoutTestViewController.h */ = {isa = PBXFileReference; fileEncoding = 4; lastKnownFileType = sourcecode.c.h; path = AutolayoutTestViewController.h; sourceTree = "<group>"; };
		7EC3CC2C1CC9FE4100952B4D /* AutolayoutTestViewController.m */ = {isa = PBXFileReference; fileEncoding = 4; lastKnownFileType = sourcecode.c.objc; path = AutolayoutTestViewController.m; sourceTree = "<group>"; };
		7EC3CC2E1CCA378A00952B4D /* XibTestViewController.h */ = {isa = PBXFileReference; fileEncoding = 4; lastKnownFileType = sourcecode.c.h; path = XibTestViewController.h; sourceTree = "<group>"; };
		7EC3CC2F1CCA378A00952B4D /* XibTestViewController.m */ = {isa = PBXFileReference; fileEncoding = 4; lastKnownFileType = sourcecode.c.objc; path = XibTestViewController.m; sourceTree = "<group>"; };
		7EC3CC301CCA378A00952B4D /* XibTestViewController.xib */ = {isa = PBXFileReference; fileEncoding = 4; lastKnownFileType = file.xib; path = XibTestViewController.xib; sourceTree = "<group>"; };
		7EC3CC331CCA570000952B4D /* FirstTableViewCell.h */ = {isa = PBXFileReference; fileEncoding = 4; lastKnownFileType = sourcecode.c.h; path = FirstTableViewCell.h; sourceTree = "<group>"; };
		7EC3CC341CCA570000952B4D /* FirstTableViewCell.m */ = {isa = PBXFileReference; fileEncoding = 4; lastKnownFileType = sourcecode.c.objc; path = FirstTableViewCell.m; sourceTree = "<group>"; };
		7EC3CC351CCA570000952B4D /* FirstTableViewCell.xib */ = {isa = PBXFileReference; fileEncoding = 4; lastKnownFileType = file.xib; path = FirstTableViewCell.xib; sourceTree = "<group>"; };
		7EC3CC381CCA571D00952B4D /* FirstTableViewController.h */ = {isa = PBXFileReference; fileEncoding = 4; lastKnownFileType = sourcecode.c.h; path = FirstTableViewController.h; sourceTree = "<group>"; };
		7EC3CC391CCA571D00952B4D /* FirstTableViewController.m */ = {isa = PBXFileReference; fileEncoding = 4; lastKnownFileType = sourcecode.c.objc; path = FirstTableViewController.m; sourceTree = "<group>"; };
		7EC3CC3A1CCA571D00952B4D /* FirstTableViewController.xib */ = {isa = PBXFileReference; fileEncoding = 4; lastKnownFileType = file.xib; path = FirstTableViewController.xib; sourceTree = "<group>"; };
		7EC3CC3D1CCA596D00952B4D /* star_orange_tiny@2x.png */ = {isa = PBXFileReference; lastKnownFileType = image.png; path = "star_orange_tiny@2x.png"; sourceTree = "<group>"; };
		7EC3CC3E1CCA596D00952B4D /* star_orange_tiny@3x.png */ = {isa = PBXFileReference; lastKnownFileType = image.png; path = "star_orange_tiny@3x.png"; sourceTree = "<group>"; };
		7ED265891CEB655900173BE3 /* ImagePickerCell.h */ = {isa = PBXFileReference; fileEncoding = 4; lastKnownFileType = sourcecode.c.h; path = ImagePickerCell.h; sourceTree = "<group>"; };
		7ED2658A1CEB655900173BE3 /* ImagePickerCell.m */ = {isa = PBXFileReference; fileEncoding = 4; lastKnownFileType = sourcecode.c.objc; path = ImagePickerCell.m; sourceTree = "<group>"; };
		7ED2658D1CEC21C100173BE3 /* dots@2x.png */ = {isa = PBXFileReference; lastKnownFileType = image.png; path = "dots@2x.png"; sourceTree = "<group>"; };
		7ED2658E1CEC21C100173BE3 /* dots@3x.png */ = {isa = PBXFileReference; lastKnownFileType = image.png; path = "dots@3x.png"; sourceTree = "<group>"; };
		7ED2658F1CEC21C100173BE3 /* selecte@2x.png */ = {isa = PBXFileReference; lastKnownFileType = image.png; path = "selecte@2x.png"; sourceTree = "<group>"; };
		7ED265901CEC21C100173BE3 /* selecte@3x.png */ = {isa = PBXFileReference; lastKnownFileType = image.png; path = "selecte@3x.png"; sourceTree = "<group>"; };
		7ED265911CEC21C100173BE3 /* selected@2x.png */ = {isa = PBXFileReference; lastKnownFileType = image.png; path = "selected@2x.png"; sourceTree = "<group>"; };
		7ED265921CEC21C100173BE3 /* selected@3x.png */ = {isa = PBXFileReference; lastKnownFileType = image.png; path = "selected@3x.png"; sourceTree = "<group>"; };
		7ED265991CEC484800173BE3 /* ImagePickerUploadButton.h */ = {isa = PBXFileReference; fileEncoding = 4; lastKnownFileType = sourcecode.c.h; path = ImagePickerUploadButton.h; sourceTree = "<group>"; };
		7ED2659A1CEC484800173BE3 /* ImagePickerUploadButton.m */ = {isa = PBXFileReference; fileEncoding = 4; lastKnownFileType = sourcecode.c.objc; path = ImagePickerUploadButton.m; sourceTree = "<group>"; };
		7ED2659C1CEC4AFD00173BE3 /* iOSNote-prefix.pch */ = {isa = PBXFileReference; lastKnownFileType = sourcecode.c.h; path = "iOSNote-prefix.pch"; sourceTree = "<group>"; };
		7ED2659D1CEC5CBC00173BE3 /* PhotoBrowserVC.h */ = {isa = PBXFileReference; fileEncoding = 4; lastKnownFileType = sourcecode.c.h; path = PhotoBrowserVC.h; sourceTree = "<group>"; };
		7ED2659E1CEC5CBC00173BE3 /* PhotoBrowserVC.m */ = {isa = PBXFileReference; fileEncoding = 4; lastKnownFileType = sourcecode.c.objc; path = PhotoBrowserVC.m; sourceTree = "<group>"; };
		7EFA03AD1CC71CE300B80B9B /* iOSNote.app */ = {isa = PBXFileReference; explicitFileType = wrapper.application; includeInIndex = 0; path = iOSNote.app; sourceTree = BUILT_PRODUCTS_DIR; };
		7EFA03B11CC71CE300B80B9B /* main.m */ = {isa = PBXFileReference; lastKnownFileType = sourcecode.c.objc; path = main.m; sourceTree = "<group>"; };
		7EFA03B31CC71CE300B80B9B /* AppDelegate.h */ = {isa = PBXFileReference; lastKnownFileType = sourcecode.c.h; path = AppDelegate.h; sourceTree = "<group>"; };
		7EFA03B41CC71CE300B80B9B /* AppDelegate.m */ = {isa = PBXFileReference; lastKnownFileType = sourcecode.c.objc; path = AppDelegate.m; sourceTree = "<group>"; };
		7EFA03BC1CC71CE300B80B9B /* Assets.xcassets */ = {isa = PBXFileReference; lastKnownFileType = folder.assetcatalog; path = Assets.xcassets; sourceTree = "<group>"; };
		7EFA03C11CC71CE300B80B9B /* Info.plist */ = {isa = PBXFileReference; lastKnownFileType = text.plist.xml; path = Info.plist; sourceTree = "<group>"; };
		861CD6B7DA275546B4BACE24 /* Pods.release.xcconfig */ = {isa = PBXFileReference; includeInIndex = 1; lastKnownFileType = text.xcconfig; name = Pods.release.xcconfig; path = "Pods/Target Support Files/Pods/Pods.release.xcconfig"; sourceTree = "<group>"; };
/* End PBXFileReference section */

/* Begin PBXFrameworksBuildPhase section */
		7EFA03AA1CC71CE300B80B9B /* Frameworks */ = {
			isa = PBXFrameworksBuildPhase;
			buildActionMask = 2147483647;
			files = (
				BC04B2CDB3C414F7537DD579 /* libPods.a in Frameworks */,
			);
			runOnlyForDeploymentPostprocessing = 0;
		};
/* End PBXFrameworksBuildPhase section */

/* Begin PBXGroup section */
		097842DA75BADBAF80C02619 /* Pods */ = {
			isa = PBXGroup;
			children = (
				7D60D46F720137195F3EC380 /* Pods.debug.xcconfig */,
				861CD6B7DA275546B4BACE24 /* Pods.release.xcconfig */,
			);
			name = Pods;
			sourceTree = "<group>";
		};
		7E063D011CC7290700D17E76 /* Categories */ = {
			isa = PBXGroup;
			children = (
			);
			path = Categories;
			sourceTree = "<group>";
		};
		7E063D021CC7290700D17E76 /* Controllers */ = {
			isa = PBXGroup;
			children = (
				7EC3CC281CC8C92F00952B4D /* TestViewController.h */,
				7EC3CC291CC8C92F00952B4D /* TestViewController.m */,
				7EC3CC2B1CC9FE4100952B4D /* AutolayoutTestViewController.h */,
				7EC3CC2C1CC9FE4100952B4D /* AutolayoutTestViewController.m */,
				7EC3CC2E1CCA378A00952B4D /* XibTestViewController.h */,
				7EC3CC2F1CCA378A00952B4D /* XibTestViewController.m */,
				7EC3CC301CCA378A00952B4D /* XibTestViewController.xib */,
				7EC3CC331CCA570000952B4D /* FirstTableViewCell.h */,
				7EC3CC341CCA570000952B4D /* FirstTableViewCell.m */,
				7EC3CC351CCA570000952B4D /* FirstTableViewCell.xib */,
				7EC3CC381CCA571D00952B4D /* FirstTableViewController.h */,
				7EC3CC391CCA571D00952B4D /* FirstTableViewController.m */,
				7EC3CC3A1CCA571D00952B4D /* FirstTableViewController.xib */,
				7E17C7DF1CCB8F9F00DBF8D7 /* RuntimeTestViewController.h */,
				7E17C7E01CCB8F9F00DBF8D7 /* RuntimeTestViewController.m */,
			);
			path = Controllers;
			sourceTree = "<group>";
		};
		7E063D031CC7290700D17E76 /* Model */ = {
			isa = PBXGroup;
			children = (
			);
			path = Model;
			sourceTree = "<group>";
		};
		7E063D041CC7290700D17E76 /* Resources */ = {
			isa = PBXGroup;
			children = (
				7ED2658C1CEC21C100173BE3 /* ImagePicker */,
				7EC3CC3D1CCA596D00952B4D /* star_orange_tiny@2x.png */,
				7EC3CC3E1CCA596D00952B4D /* star_orange_tiny@3x.png */,
			);
			path = Resources;
			sourceTree = "<group>";
		};
		7E063D051CC7290700D17E76 /* Views */ = {
			isa = PBXGroup;
			children = (
			);
			path = Views;
			sourceTree = "<group>";
		};
		7E427F7F1CEB4AAE0031EA69 /* ImagePicker */ = {
			isa = PBXGroup;
			children = (
				7E427F801CEB4ADD0031EA69 /* EditImageVC.h */,
				7E427F811CEB4ADD0031EA69 /* EditImageVC.m */,
				7E427F831CEB51D10031EA69 /* ImagePickerVC.h */,
				7E427F841CEB51D10031EA69 /* ImagePickerVC.m */,
				7E427F861CEB51DF0031EA69 /* AlbumPickerVC.h */,
				7E427F871CEB51DF0031EA69 /* AlbumPickerVC.m */,
				7ED265891CEB655900173BE3 /* ImagePickerCell.h */,
				7ED2658A1CEB655900173BE3 /* ImagePickerCell.m */,
				7ED265991CEC484800173BE3 /* ImagePickerUploadButton.h */,
				7ED2659A1CEC484800173BE3 /* ImagePickerUploadButton.m */,
				7ED2659D1CEC5CBC00173BE3 /* PhotoBrowserVC.h */,
				7ED2659E1CEC5CBC00173BE3 /* PhotoBrowserVC.m */,
			);
			path = ImagePicker;
			sourceTree = "<group>";
		};
		7EA093BE1CE57C4A004EE471 /* Demo */ = {
			isa = PBXGroup;
			children = (
				7E427F7F1CEB4AAE0031EA69 /* ImagePicker */,
				7EA093BF1CE57C4A004EE471 /* ControllerTransition */,
			);
			path = Demo;
			sourceTree = "<group>";
		};
		7EA093BF1CE57C4A004EE471 /* ControllerTransition */ = {
			isa = PBXGroup;
			children = (
				7EA093C41CE57D69004EE471 /* Source */,
				7EA093C01CE57C68004EE471 /* TransitionDemoVC.h */,
				7EA093C11CE57C68004EE471 /* TransitionDemoVC.m */,
				7EA093CF1CE58216004EE471 /* TransitionDemoSecVC.h */,
				7EA093D01CE58216004EE471 /* TransitionDemoSecVC.m */,
				7EA093D21CE58285004EE471 /* TransitionDemo.storyboard */,
				7EA093D41CE5B1E2004EE471 /* TDDemoCell.h */,
				7EA093D51CE5B1E2004EE471 /* TDDemoCell.m */,
				7EA093D71CE5BDE8004EE471 /* TDModel.h */,
				7EA093D81CE5BDE8004EE471 /* TDModel.m */,
				7EA093DA1CE5C850004EE471 /* TDTransitionFromFirToSec.h */,
				7EA093DB1CE5C850004EE471 /* TDTransitionFromFirToSec.m */,
				7EA093DD1CE5CB07004EE471 /* TDTransitionFromSecToFir.h */,
				7EA093DE1CE5CB07004EE471 /* TDTransitionFromSecToFir.m */,
			);
			path = ControllerTransition;
			sourceTree = "<group>";
		};
		7EA093C41CE57D69004EE471 /* Source */ = {
			isa = PBXGroup;
			children = (
				7EA093C51CE57D69004EE471 /* thing01.jpg */,
				7EA093C61CE57D69004EE471 /* thing02.jpg */,
				7EA093C71CE57D69004EE471 /* thing03.jpg */,
				7EA093C81CE57D69004EE471 /* thing04.jpg */,
				7EA093C91CE57D69004EE471 /* thing05.jpg */,
			);
			path = Source;
			sourceTree = "<group>";
		};
		7ED2658C1CEC21C100173BE3 /* ImagePicker */ = {
			isa = PBXGroup;
			children = (
				7ED2658D1CEC21C100173BE3 /* dots@2x.png */,
				7ED2658E1CEC21C100173BE3 /* dots@3x.png */,
				7ED2658F1CEC21C100173BE3 /* selecte@2x.png */,
				7ED265901CEC21C100173BE3 /* selecte@3x.png */,
				7ED265911CEC21C100173BE3 /* selected@2x.png */,
				7ED265921CEC21C100173BE3 /* selected@3x.png */,
			);
			path = ImagePicker;
			sourceTree = "<group>";
		};
		7EFA03A41CC71CE300B80B9B = {
			isa = PBXGroup;
			children = (
				7EFA03AF1CC71CE300B80B9B /* iOSNote */,
				7EFA03AE1CC71CE300B80B9B /* Products */,
				097842DA75BADBAF80C02619 /* Pods */,
				98A5230A513371B7327613AB /* Frameworks */,
			);
			sourceTree = "<group>";
		};
		7EFA03AE1CC71CE300B80B9B /* Products */ = {
			isa = PBXGroup;
			children = (
				7EFA03AD1CC71CE300B80B9B /* iOSNote.app */,
			);
			name = Products;
			sourceTree = "<group>";
		};
		7EFA03AF1CC71CE300B80B9B /* iOSNote */ = {
			isa = PBXGroup;
			children = (
				7EA093BE1CE57C4A004EE471 /* Demo */,
				7E063D011CC7290700D17E76 /* Categories */,
				7E063D021CC7290700D17E76 /* Controllers */,
				7E063D031CC7290700D17E76 /* Model */,
				7E063D041CC7290700D17E76 /* Resources */,
				7E063D051CC7290700D17E76 /* Views */,
				7EFA03B31CC71CE300B80B9B /* AppDelegate.h */,
				7EFA03B41CC71CE300B80B9B /* AppDelegate.m */,
				7EFA03BC1CC71CE300B80B9B /* Assets.xcassets */,
				7EFA03C11CC71CE300B80B9B /* Info.plist */,
				7EFA03B01CC71CE300B80B9B /* Supporting Files */,
			);
			path = iOSNote;
			sourceTree = "<group>";
		};
		7EFA03B01CC71CE300B80B9B /* Supporting Files */ = {
			isa = PBXGroup;
			children = (
				7EFA03B11CC71CE300B80B9B /* main.m */,
				7ED2659C1CEC4AFD00173BE3 /* iOSNote-prefix.pch */,
			);
			name = "Supporting Files";
			sourceTree = "<group>";
		};
		98A5230A513371B7327613AB /* Frameworks */ = {
			isa = PBXGroup;
			children = (
				5882B094DE67916288F78216 /* libPods.a */,
			);
			name = Frameworks;
			sourceTree = "<group>";
		};
/* End PBXGroup section */

/* Begin PBXNativeTarget section */
		7EFA03AC1CC71CE300B80B9B /* iOSNote */ = {
			isa = PBXNativeTarget;
			buildConfigurationList = 7EFA03C41CC71CE300B80B9B /* Build configuration list for PBXNativeTarget "iOSNote" */;
			buildPhases = (
				93D1E1B7EA0EAAEB597381E6 /* Check Pods Manifest.lock */,
				7EFA03A91CC71CE300B80B9B /* Sources */,
				7EFA03AA1CC71CE300B80B9B /* Frameworks */,
				7EFA03AB1CC71CE300B80B9B /* Resources */,
				E8FBEEBC312524F17EA0FAEA /* Embed Pods Frameworks */,
				736CBFC797B8FF894CC2555B /* Copy Pods Resources */,
			);
			buildRules = (
			);
			dependencies = (
			);
			name = iOSNote;
			productName = iOSNote;
			productReference = 7EFA03AD1CC71CE300B80B9B /* iOSNote.app */;
			productType = "com.apple.product-type.application";
		};
/* End PBXNativeTarget section */

/* Begin PBXProject section */
		7EFA03A51CC71CE300B80B9B /* Project object */ = {
			isa = PBXProject;
			attributes = {
				LastUpgradeCheck = 0720;
				ORGANIZATIONNAME = yozoe;
				TargetAttributes = {
					7EFA03AC1CC71CE300B80B9B = {
						CreatedOnToolsVersion = 7.2.1;
					};
				};
			};
			buildConfigurationList = 7EFA03A81CC71CE300B80B9B /* Build configuration list for PBXProject "iOSNote" */;
			compatibilityVersion = "Xcode 3.2";
			developmentRegion = English;
			hasScannedForEncodings = 0;
			knownRegions = (
				en,
				Base,
			);
			mainGroup = 7EFA03A41CC71CE300B80B9B;
			productRefGroup = 7EFA03AE1CC71CE300B80B9B /* Products */;
			projectDirPath = "";
			projectRoot = "";
			targets = (
				7EFA03AC1CC71CE300B80B9B /* iOSNote */,
			);
		};
/* End PBXProject section */

/* Begin PBXResourcesBuildPhase section */
		7EFA03AB1CC71CE300B80B9B /* Resources */ = {
			isa = PBXResourcesBuildPhase;
			buildActionMask = 2147483647;
			files = (
				7ED265931CEC21C100173BE3 /* dots@2x.png in Resources */,
				7ED265971CEC21C100173BE3 /* selected@2x.png in Resources */,
				7ED265961CEC21C100173BE3 /* selecte@3x.png in Resources */,
				7EA093CD1CE57D69004EE471 /* thing04.jpg in Resources */,
				7EA093CE1CE57D69004EE471 /* thing05.jpg in Resources */,
				7ED265951CEC21C100173BE3 /* selecte@2x.png in Resources */,
				7ED265981CEC21C100173BE3 /* selected@3x.png in Resources */,
				7ED265941CEC21C100173BE3 /* dots@3x.png in Resources */,
				7EA093CA1CE57D69004EE471 /* thing01.jpg in Resources */,
				7EC3CC3C1CCA571D00952B4D /* FirstTableViewController.xib in Resources */,
				7EA093CC1CE57D69004EE471 /* thing03.jpg in Resources */,
				7EC3CC401CCA596D00952B4D /* star_orange_tiny@3x.png in Resources */,
				7EC3CC321CCA378A00952B4D /* XibTestViewController.xib in Resources */,
				7EC3CC371CCA570000952B4D /* FirstTableViewCell.xib in Resources */,
				7EA093D31CE58285004EE471 /* TransitionDemo.storyboard in Resources */,
				7EFA03BD1CC71CE300B80B9B /* Assets.xcassets in Resources */,
				7EA093CB1CE57D69004EE471 /* thing02.jpg in Resources */,
				7EC3CC3F1CCA596D00952B4D /* star_orange_tiny@2x.png in Resources */,
			);
			runOnlyForDeploymentPostprocessing = 0;
		};
/* End PBXResourcesBuildPhase section */

/* Begin PBXShellScriptBuildPhase section */
		736CBFC797B8FF894CC2555B /* Copy Pods Resources */ = {
			isa = PBXShellScriptBuildPhase;
			buildActionMask = 2147483647;
			files = (
			);
			inputPaths = (
			);
			name = "Copy Pods Resources";
			outputPaths = (
			);
			runOnlyForDeploymentPostprocessing = 0;
			shellPath = /bin/sh;
			shellScript = "\"${SRCROOT}/Pods/Target Support Files/Pods/Pods-resources.sh\"\n";
			showEnvVarsInLog = 0;
		};
		93D1E1B7EA0EAAEB597381E6 /* Check Pods Manifest.lock */ = {
			isa = PBXShellScriptBuildPhase;
			buildActionMask = 2147483647;
			files = (
			);
			inputPaths = (
			);
			name = "Check Pods Manifest.lock";
			outputPaths = (
			);
			runOnlyForDeploymentPostprocessing = 0;
			shellPath = /bin/sh;
			shellScript = "diff \"${PODS_ROOT}/../Podfile.lock\" \"${PODS_ROOT}/Manifest.lock\" > /dev/null\nif [[ $? != 0 ]] ; then\n    cat << EOM\nerror: The sandbox is not in sync with the Podfile.lock. Run 'pod install' or update your CocoaPods installation.\nEOM\n    exit 1\nfi\n";
			showEnvVarsInLog = 0;
		};
		E8FBEEBC312524F17EA0FAEA /* Embed Pods Frameworks */ = {
			isa = PBXShellScriptBuildPhase;
			buildActionMask = 2147483647;
			files = (
			);
			inputPaths = (
			);
			name = "Embed Pods Frameworks";
			outputPaths = (
			);
			runOnlyForDeploymentPostprocessing = 0;
			shellPath = /bin/sh;
			shellScript = "\"${SRCROOT}/Pods/Target Support Files/Pods/Pods-frameworks.sh\"\n";
			showEnvVarsInLog = 0;
		};
/* End PBXShellScriptBuildPhase section */

/* Begin PBXSourcesBuildPhase section */
		7EFA03A91CC71CE300B80B9B /* Sources */ = {
			isa = PBXSourcesBuildPhase;
			buildActionMask = 2147483647;
			files = (
				7EA093D11CE58216004EE471 /* TransitionDemoSecVC.m in Sources */,
				7EA093DF1CE5CB07004EE471 /* TDTransitionFromSecToFir.m in Sources */,
				7EA093D91CE5BDE8004EE471 /* TDModel.m in Sources */,
				7EC3CC3B1CCA571D00952B4D /* FirstTableViewController.m in Sources */,
				7E427F851CEB51D10031EA69 /* ImagePickerVC.m in Sources */,
				7E17C7E11CCB8F9F00DBF8D7 /* RuntimeTestViewController.m in Sources */,
				7ED2659F1CEC5CBC00173BE3 /* PhotoBrowserVC.m in Sources */,
				7EC3CC311CCA378A00952B4D /* XibTestViewController.m in Sources */,
				7EC3CC2A1CC8C92F00952B4D /* TestViewController.m in Sources */,
				7EA093D61CE5B1E2004EE471 /* TDDemoCell.m in Sources */,
				7ED2659B1CEC484800173BE3 /* ImagePickerUploadButton.m in Sources */,
				7ED2658B1CEB655900173BE3 /* ImagePickerCell.m in Sources */,
				7EC3CC361CCA570000952B4D /* FirstTableViewCell.m in Sources */,
				7EA093DC1CE5C850004EE471 /* TDTransitionFromFirToSec.m in Sources */,
				7E427F881CEB51DF0031EA69 /* AlbumPickerVC.m in Sources */,
				7EFA03B51CC71CE300B80B9B /* AppDelegate.m in Sources */,
				7EA093C21CE57C68004EE471 /* TransitionDemoVC.m in Sources */,
				7E427F821CEB4ADD0031EA69 /* EditImageVC.m in Sources */,
				7EFA03B21CC71CE300B80B9B /* main.m in Sources */,
				7EC3CC2D1CC9FE4100952B4D /* AutolayoutTestViewController.m in Sources */,
			);
			runOnlyForDeploymentPostprocessing = 0;
		};
/* End PBXSourcesBuildPhase section */

/* Begin XCBuildConfiguration section */
		7EFA03C21CC71CE300B80B9B /* Debug */ = {
			isa = XCBuildConfiguration;
			buildSettings = {
				ALWAYS_SEARCH_USER_PATHS = NO;
				CLANG_CXX_LANGUAGE_STANDARD = "gnu++0x";
				CLANG_CXX_LIBRARY = "libc++";
				CLANG_ENABLE_MODULES = YES;
				CLANG_ENABLE_OBJC_ARC = YES;
				CLANG_WARN_BOOL_CONVERSION = YES;
				CLANG_WARN_CONSTANT_CONVERSION = YES;
				CLANG_WARN_DIRECT_OBJC_ISA_USAGE = YES_ERROR;
				CLANG_WARN_EMPTY_BODY = YES;
				CLANG_WARN_ENUM_CONVERSION = YES;
				CLANG_WARN_INT_CONVERSION = YES;
				CLANG_WARN_OBJC_ROOT_CLASS = YES_ERROR;
				CLANG_WARN_UNREACHABLE_CODE = YES;
				CLANG_WARN__DUPLICATE_METHOD_MATCH = YES;
				"CODE_SIGN_IDENTITY[sdk=iphoneos*]" = "iPhone Developer";
				COPY_PHASE_STRIP = NO;
				DEBUG_INFORMATION_FORMAT = dwarf;
				ENABLE_STRICT_OBJC_MSGSEND = YES;
				ENABLE_TESTABILITY = YES;
				GCC_C_LANGUAGE_STANDARD = gnu99;
				GCC_DYNAMIC_NO_PIC = NO;
				GCC_NO_COMMON_BLOCKS = YES;
				GCC_OPTIMIZATION_LEVEL = 0;
				GCC_PREPROCESSOR_DEFINITIONS = (
					"DEBUG=1",
					"$(inherited)",
				);
				GCC_WARN_64_TO_32_BIT_CONVERSION = YES;
				GCC_WARN_ABOUT_RETURN_TYPE = YES_ERROR;
				GCC_WARN_UNDECLARED_SELECTOR = YES;
				GCC_WARN_UNINITIALIZED_AUTOS = YES_AGGRESSIVE;
				GCC_WARN_UNUSED_FUNCTION = YES;
				GCC_WARN_UNUSED_VARIABLE = YES;
				IPHONEOS_DEPLOYMENT_TARGET = 7.0;
				MTL_ENABLE_DEBUG_INFO = YES;
				ONLY_ACTIVE_ARCH = YES;
				SDKROOT = iphoneos;
				TARGETED_DEVICE_FAMILY = "1,2";
			};
			name = Debug;
		};
		7EFA03C31CC71CE300B80B9B /* Release */ = {
			isa = XCBuildConfiguration;
			buildSettings = {
				ALWAYS_SEARCH_USER_PATHS = NO;
				CLANG_CXX_LANGUAGE_STANDARD = "gnu++0x";
				CLANG_CXX_LIBRARY = "libc++";
				CLANG_ENABLE_MODULES = YES;
				CLANG_ENABLE_OBJC_ARC = YES;
				CLANG_WARN_BOOL_CONVERSION = YES;
				CLANG_WARN_CONSTANT_CONVERSION = YES;
				CLANG_WARN_DIRECT_OBJC_ISA_USAGE = YES_ERROR;
				CLANG_WARN_EMPTY_BODY = YES;
				CLANG_WARN_ENUM_CONVERSION = YES;
				CLANG_WARN_INT_CONVERSION = YES;
				CLANG_WARN_OBJC_ROOT_CLASS = YES_ERROR;
				CLANG_WARN_UNREACHABLE_CODE = YES;
				CLANG_WARN__DUPLICATE_METHOD_MATCH = YES;
				"CODE_SIGN_IDENTITY[sdk=iphoneos*]" = "iPhone Developer";
				COPY_PHASE_STRIP = NO;
				DEBUG_INFORMATION_FORMAT = "dwarf-with-dsym";
				ENABLE_NS_ASSERTIONS = NO;
				ENABLE_STRICT_OBJC_MSGSEND = YES;
				GCC_C_LANGUAGE_STANDARD = gnu99;
				GCC_NO_COMMON_BLOCKS = YES;
				GCC_WARN_64_TO_32_BIT_CONVERSION = YES;
				GCC_WARN_ABOUT_RETURN_TYPE = YES_ERROR;
				GCC_WARN_UNDECLARED_SELECTOR = YES;
				GCC_WARN_UNINITIALIZED_AUTOS = YES_AGGRESSIVE;
				GCC_WARN_UNUSED_FUNCTION = YES;
				GCC_WARN_UNUSED_VARIABLE = YES;
				IPHONEOS_DEPLOYMENT_TARGET = 7.0;
				MTL_ENABLE_DEBUG_INFO = NO;
				SDKROOT = iphoneos;
				TARGETED_DEVICE_FAMILY = "1,2";
				VALIDATE_PRODUCT = YES;
			};
			name = Release;
		};
		7EFA03C51CC71CE300B80B9B /* Debug */ = {
			isa = XCBuildConfiguration;
			baseConfigurationReference = 7D60D46F720137195F3EC380 /* Pods.debug.xcconfig */;
			buildSettings = {
				ASSETCATALOG_COMPILER_APPICON_NAME = AppIcon;
				GCC_INCREASE_PRECOMPILED_HEADER_SHARING = NO;
				GCC_PRECOMPILE_PREFIX_HEADER = YES;
				GCC_PREFIX_HEADER = "iOSNote/iOSNote-prefix.pch";
				INFOPLIST_FILE = iOSNote/Info.plist;
				IPHONEOS_DEPLOYMENT_TARGET = 7.0;
				LD_RUNPATH_SEARCH_PATHS = "$(inherited) @executable_path/Frameworks";
				PRODUCT_BUNDLE_IDENTIFIER = com.yozoe.note.iOSNote;
				PRODUCT_NAME = "$(TARGET_NAME)";
			};
			name = Debug;
		};
		7EFA03C61CC71CE300B80B9B /* Release */ = {
			isa = XCBuildConfiguration;
			baseConfigurationReference = 861CD6B7DA275546B4BACE24 /* Pods.release.xcconfig */;
			buildSettings = {
				ASSETCATALOG_COMPILER_APPICON_NAME = AppIcon;
				GCC_INCREASE_PRECOMPILED_HEADER_SHARING = NO;
				GCC_PRECOMPILE_PREFIX_HEADER = YES;
				GCC_PREFIX_HEADER = "iOSNote/iOSNote-prefix.pch";
				INFOPLIST_FILE = iOSNote/Info.plist;
				IPHONEOS_DEPLOYMENT_TARGET = 7.0;
				LD_RUNPATH_SEARCH_PATHS = "$(inherited) @executable_path/Frameworks";
				PRODUCT_BUNDLE_IDENTIFIER = com.yozoe.note.iOSNote;
				PRODUCT_NAME = "$(TARGET_NAME)";
			};
			name = Release;
		};
/* End XCBuildConfiguration section */

/* Begin XCConfigurationList section */
		7EFA03A81CC71CE300B80B9B /* Build configuration list for PBXProject "iOSNote" */ = {
			isa = XCConfigurationList;
			buildConfigurations = (
				7EFA03C21CC71CE300B80B9B /* Debug */,
				7EFA03C31CC71CE300B80B9B /* Release */,
			);
			defaultConfigurationIsVisible = 0;
			defaultConfigurationName = Release;
		};
		7EFA03C41CC71CE300B80B9B /* Build configuration list for PBXNativeTarget "iOSNote" */ = {
			isa = XCConfigurationList;
			buildConfigurations = (
				7EFA03C51CC71CE300B80B9B /* Debug */,
				7EFA03C61CC71CE300B80B9B /* Release */,
			);
			defaultConfigurationIsVisible = 0;
			defaultConfigurationName = Release;
		};
/* End XCConfigurationList section */
	};
	rootObject = 7EFA03A51CC71CE300B80B9B /* Project object */;
}
