// !$*UTF8*$!
{
	archiveVersion = 1;
	classes = {
	};
	objectVersion = 46;
	objects = {

/* Begin PBXBuildFile section */
		07A543F9F1471877643D3BB3 /* libPods-iOSNote.a in Frameworks */ = {isa = PBXBuildFile; fileRef = 1C592ADEC3AC9307FDC35BBA /* libPods-iOSNote.a */; };
		7E0C01DC1DA8D2B1004ECFA6 /* SwiftVC.swift in Sources */ = {isa = PBXBuildFile; fileRef = 7E0C01DB1DA8D2B1004ECFA6 /* SwiftVC.swift */; };
		7E17C7E11CCB8F9F00DBF8D7 /* RuntimeTestViewController.m in Sources */ = {isa = PBXBuildFile; fileRef = 7E17C7E01CCB8F9F00DBF8D7 /* RuntimeTestViewController.m */; };
		7E37B5FF1DD8AD4C000EC894 /* DragerDemo.storyboard in Resources */ = {isa = PBXBuildFile; fileRef = 7E37B5FE1DD8AD4C000EC894 /* DragerDemo.storyboard */; };
		7E3E3FB11D2CE8A40085DCA0 /* RACConcatTestVC.m in Sources */ = {isa = PBXBuildFile; fileRef = 7E3E3FB01D2CE8A40085DCA0 /* RACConcatTestVC.m */; };
		7E3E3FB41D2D03680085DCA0 /* RACFilterTestVC.m in Sources */ = {isa = PBXBuildFile; fileRef = 7E3E3FB31D2D03680085DCA0 /* RACFilterTestVC.m */; };
		7E3E3FB81D2E3E810085DCA0 /* RACMVVMLoginVC.m in Sources */ = {isa = PBXBuildFile; fileRef = 7E3E3FB61D2E3E810085DCA0 /* RACMVVMLoginVC.m */; };
		7E3E3FB91D2E3E810085DCA0 /* RACMVVMLoginVC.xib in Resources */ = {isa = PBXBuildFile; fileRef = 7E3E3FB71D2E3E810085DCA0 /* RACMVVMLoginVC.xib */; };
		7E3E3FBC1D2E52900085DCA0 /* LoginViewModel.m in Sources */ = {isa = PBXBuildFile; fileRef = 7E3E3FBB1D2E52900085DCA0 /* LoginViewModel.m */; };
		7E3E3FC31D2F54C90085DCA0 /* RACMVVMRequestVC.m in Sources */ = {isa = PBXBuildFile; fileRef = 7E3E3FC11D2F54C90085DCA0 /* RACMVVMRequestVC.m */; };
		7E3E3FC41D2F54C90085DCA0 /* RACMVVMRequestVC.xib in Resources */ = {isa = PBXBuildFile; fileRef = 7E3E3FC21D2F54C90085DCA0 /* RACMVVMRequestVC.xib */; };
		7E3E3FC71D2F59350085DCA0 /* RequestViewModel.m in Sources */ = {isa = PBXBuildFile; fileRef = 7E3E3FC61D2F59350085DCA0 /* RequestViewModel.m */; };
		7E427F821CEB4ADD0031EA69 /* EditImageVC.m in Sources */ = {isa = PBXBuildFile; fileRef = 7E427F811CEB4ADD0031EA69 /* EditImageVC.m */; };
		7E427F851CEB51D10031EA69 /* ImagePickerVC.m in Sources */ = {isa = PBXBuildFile; fileRef = 7E427F841CEB51D10031EA69 /* ImagePickerVC.m */; };
		7E427F881CEB51DF0031EA69 /* AlbumPickerVC.m in Sources */ = {isa = PBXBuildFile; fileRef = 7E427F871CEB51DF0031EA69 /* AlbumPickerVC.m */; };
		7E616AFA1DEECAAA00845057 /* PureLayoutDemo.storyboard in Resources */ = {isa = PBXBuildFile; fileRef = 7E616AF91DEECAAA00845057 /* PureLayoutDemo.storyboard */; };
		7E616AFD1DEECB0800845057 /* PureLayoutDemoVC.m in Sources */ = {isa = PBXBuildFile; fileRef = 7E616AFC1DEECB0800845057 /* PureLayoutDemoVC.m */; };
		7E725EB91D3E153100662692 /* GCDTestVC.m in Sources */ = {isa = PBXBuildFile; fileRef = 7E725EB71D3E153100662692 /* GCDTestVC.m */; };
		7E725EBA1D3E153100662692 /* GCDTestVC.xib in Resources */ = {isa = PBXBuildFile; fileRef = 7E725EB81D3E153100662692 /* GCDTestVC.xib */; };
		7E743A7E1DED62A60044CA2F /* RACBaseVC.m in Sources */ = {isa = PBXBuildFile; fileRef = 7E743A7D1DED62A60044CA2F /* RACBaseVC.m */; };
		7E743A851DED6BF00044CA2F /* CoreDataDemo.storyboard in Resources */ = {isa = PBXBuildFile; fileRef = 7E743A841DED6BF00044CA2F /* CoreDataDemo.storyboard */; };
		7E743A881DED6C490044CA2F /* CoreDataDemoVC.m in Sources */ = {isa = PBXBuildFile; fileRef = 7E743A871DED6C490044CA2F /* CoreDataDemoVC.m */; };
		7E86F7AF1DD8ABC500B4A5FB /* DragerViewController.m in Sources */ = {isa = PBXBuildFile; fileRef = 7E86F7AD1DD8ABC500B4A5FB /* DragerViewController.m */; };
		7E8789C41D42794A00200F42 /* RACSubjectReplaceDelegateVC.m in Sources */ = {isa = PBXBuildFile; fileRef = 7E8789C31D42794A00200F42 /* RACSubjectReplaceDelegateVC.m */; };
		7EA093C21CE57C68004EE471 /* TransitionDemoVC.m in Sources */ = {isa = PBXBuildFile; fileRef = 7EA093C11CE57C68004EE471 /* TransitionDemoVC.m */; };
		7EA093CA1CE57D69004EE471 /* thing01.jpg in Resources */ = {isa = PBXBuildFile; fileRef = 7EA093C51CE57D69004EE471 /* thing01.jpg */; };
		7EA093CB1CE57D69004EE471 /* thing02.jpg in Resources */ = {isa = PBXBuildFile; fileRef = 7EA093C61CE57D69004EE471 /* thing02.jpg */; };
		7EA093CC1CE57D69004EE471 /* thing03.jpg in Resources */ = {isa = PBXBuildFile; fileRef = 7EA093C71CE57D69004EE471 /* thing03.jpg */; };
		7EA093CD1CE57D69004EE471 /* thing04.jpg in Resources */ = {isa = PBXBuildFile; fileRef = 7EA093C81CE57D69004EE471 /* thing04.jpg */; };
		7EA093CE1CE57D69004EE471 /* thing05.jpg in Resources */ = {isa = PBXBuildFile; fileRef = 7EA093C91CE57D69004EE471 /* thing05.jpg */; };
		7EA093D11CE58216004EE471 /* TransitionDemoSecVC.m in Sources */ = {isa = PBXBuildFile; fileRef = 7EA093D01CE58216004EE471 /* TransitionDemoSecVC.m */; };
		7EA093D31CE58285004EE471 /* TransitionDemo.storyboard in Resources */ = {isa = PBXBuildFile; fileRef = 7EA093D21CE58285004EE471 /* TransitionDemo.storyboard */; };
		7EA093D61CE5B1E2004EE471 /* TDDemoCell.m in Sources */ = {isa = PBXBuildFile; fileRef = 7EA093D51CE5B1E2004EE471 /* TDDemoCell.m */; };
		7EA093D91CE5BDE8004EE471 /* TDModel.m in Sources */ = {isa = PBXBuildFile; fileRef = 7EA093D81CE5BDE8004EE471 /* TDModel.m */; };
		7EA093DC1CE5C850004EE471 /* TDTransitionFromFirToSec.m in Sources */ = {isa = PBXBuildFile; fileRef = 7EA093DB1CE5C850004EE471 /* TDTransitionFromFirToSec.m */; };
		7EA093DF1CE5CB07004EE471 /* TDTransitionFromSecToFir.m in Sources */ = {isa = PBXBuildFile; fileRef = 7EA093DE1CE5CB07004EE471 /* TDTransitionFromSecToFir.m */; };
		7EB814291CED5C1E0007F261 /* UploadPhotoContext.m in Sources */ = {isa = PBXBuildFile; fileRef = 7EB814281CED5C1E0007F261 /* UploadPhotoContext.m */; };
		7EB814541CED633D0007F261 /* iOSNote.xcdatamodeld in Sources */ = {isa = PBXBuildFile; fileRef = 7EB814521CED633D0007F261 /* iOSNote.xcdatamodeld */; };
		7EBDA3E41D43929300C149F7 /* RACBookSearchVC.m in Sources */ = {isa = PBXBuildFile; fileRef = 7EBDA3E21D43929300C149F7 /* RACBookSearchVC.m */; };
		7EBDA3E51D43929300C149F7 /* RACBookSearchVC.xib in Resources */ = {isa = PBXBuildFile; fileRef = 7EBDA3E31D43929300C149F7 /* RACBookSearchVC.xib */; };
		7EBDA3E81D43964000C149F7 /* RACBookSearchVM.m in Sources */ = {isa = PBXBuildFile; fileRef = 7EBDA3E71D43964000C149F7 /* RACBookSearchVM.m */; };
		7EBDA3EB1D43AA2400C149F7 /* RACBookEntity.m in Sources */ = {isa = PBXBuildFile; fileRef = 7EBDA3EA1D43AA2400C149F7 /* RACBookEntity.m */; };
		7EBDA3EE1D43B26B00C149F7 /* RACBookListVC.m in Sources */ = {isa = PBXBuildFile; fileRef = 7EBDA3ED1D43B26B00C149F7 /* RACBookListVC.m */; };
		7EC3CC2A1CC8C92F00952B4D /* TestViewController.m in Sources */ = {isa = PBXBuildFile; fileRef = 7EC3CC291CC8C92F00952B4D /* TestViewController.m */; };
		7EC3CC2D1CC9FE4100952B4D /* AutolayoutTestViewController.m in Sources */ = {isa = PBXBuildFile; fileRef = 7EC3CC2C1CC9FE4100952B4D /* AutolayoutTestViewController.m */; };
		7EC3CC311CCA378A00952B4D /* XibTestViewController.m in Sources */ = {isa = PBXBuildFile; fileRef = 7EC3CC2F1CCA378A00952B4D /* XibTestViewController.m */; };
		7EC3CC321CCA378A00952B4D /* XibTestViewController.xib in Resources */ = {isa = PBXBuildFile; fileRef = 7EC3CC301CCA378A00952B4D /* XibTestViewController.xib */; };
		7EC3CC361CCA570000952B4D /* FirstTableViewCell.m in Sources */ = {isa = PBXBuildFile; fileRef = 7EC3CC341CCA570000952B4D /* FirstTableViewCell.m */; };
		7EC3CC371CCA570000952B4D /* FirstTableViewCell.xib in Resources */ = {isa = PBXBuildFile; fileRef = 7EC3CC351CCA570000952B4D /* FirstTableViewCell.xib */; };
		7EC3CC3B1CCA571D00952B4D /* FirstTableViewController.m in Sources */ = {isa = PBXBuildFile; fileRef = 7EC3CC391CCA571D00952B4D /* FirstTableViewController.m */; };
		7EC3CC3C1CCA571D00952B4D /* FirstTableViewController.xib in Resources */ = {isa = PBXBuildFile; fileRef = 7EC3CC3A1CCA571D00952B4D /* FirstTableViewController.xib */; };
		7EC3CC3F1CCA596D00952B4D /* star_orange_tiny@2x.png in Resources */ = {isa = PBXBuildFile; fileRef = 7EC3CC3D1CCA596D00952B4D /* star_orange_tiny@2x.png */; };
		7EC3CC401CCA596D00952B4D /* star_orange_tiny@3x.png in Resources */ = {isa = PBXBuildFile; fileRef = 7EC3CC3E1CCA596D00952B4D /* star_orange_tiny@3x.png */; };
		7ECEBAB11DE59A1400E0A99B /* BlockDemo.storyboard in Resources */ = {isa = PBXBuildFile; fileRef = 7ECEBAB01DE59A1400E0A99B /* BlockDemo.storyboard */; };
		7ECEBAB61DE59BE100E0A99B /* BlockDemoVC.m in Sources */ = {isa = PBXBuildFile; fileRef = 7ECEBAB51DE59BE100E0A99B /* BlockDemoVC.m */; };
		7ECEBAB91DE5DFF000E0A99B /* BDCalculatorManager.m in Sources */ = {isa = PBXBuildFile; fileRef = 7ECEBAB81DE5DFF000E0A99B /* BDCalculatorManager.m */; };
		7ECEBABB1DE726B200E0A99B /* RACDemo.storyboard in Resources */ = {isa = PBXBuildFile; fileRef = 7ECEBABA1DE726B200E0A99B /* RACDemo.storyboard */; };
		7ECEBAC11DE7278B00E0A99B /* RACDemoVC.m in Sources */ = {isa = PBXBuildFile; fileRef = 7ECEBAC01DE7278B00E0A99B /* RACDemoVC.m */; };
		7ECEBAC41DE7362F00E0A99B /* RACAdvancedVC.m in Sources */ = {isa = PBXBuildFile; fileRef = 7ECEBAC31DE7362F00E0A99B /* RACAdvancedVC.m */; };
		7ECF68DA1D9A110C00EC1B99 /* RACTestViewController.m in Sources */ = {isa = PBXBuildFile; fileRef = 7ECF68D81D9A110C00EC1B99 /* RACTestViewController.m */; };
		7ECF68DB1D9A110C00EC1B99 /* RACTestViewController.xib in Resources */ = {isa = PBXBuildFile; fileRef = 7ECF68D91D9A110C00EC1B99 /* RACTestViewController.xib */; };
		7ED2658B1CEB655900173BE3 /* ImagePickerCell.m in Sources */ = {isa = PBXBuildFile; fileRef = 7ED2658A1CEB655900173BE3 /* ImagePickerCell.m */; };
		7ED265931CEC21C100173BE3 /* dots@2x.png in Resources */ = {isa = PBXBuildFile; fileRef = 7ED2658D1CEC21C100173BE3 /* dots@2x.png */; };
		7ED265941CEC21C100173BE3 /* dots@3x.png in Resources */ = {isa = PBXBuildFile; fileRef = 7ED2658E1CEC21C100173BE3 /* dots@3x.png */; };
		7ED265951CEC21C100173BE3 /* selecte@2x.png in Resources */ = {isa = PBXBuildFile; fileRef = 7ED2658F1CEC21C100173BE3 /* selecte@2x.png */; };
		7ED265961CEC21C100173BE3 /* selecte@3x.png in Resources */ = {isa = PBXBuildFile; fileRef = 7ED265901CEC21C100173BE3 /* selecte@3x.png */; };
		7ED265971CEC21C100173BE3 /* selected@2x.png in Resources */ = {isa = PBXBuildFile; fileRef = 7ED265911CEC21C100173BE3 /* selected@2x.png */; };
		7ED265981CEC21C100173BE3 /* selected@3x.png in Resources */ = {isa = PBXBuildFile; fileRef = 7ED265921CEC21C100173BE3 /* selected@3x.png */; };
		7ED2659B1CEC484800173BE3 /* ImagePickerUploadButton.m in Sources */ = {isa = PBXBuildFile; fileRef = 7ED2659A1CEC484800173BE3 /* ImagePickerUploadButton.m */; };
		7ED265A21CEC819500173BE3 /* ImageBrowserVC.m in Sources */ = {isa = PBXBuildFile; fileRef = 7ED265A11CEC819500173BE3 /* ImageBrowserVC.m */; };
		7ED265BA1CEC93E200173BE3 /* MWCaptionView.m in Sources */ = {isa = PBXBuildFile; fileRef = 7ED265A61CEC93E100173BE3 /* MWCaptionView.m */; };
		7ED265BB1CEC93E200173BE3 /* MWGridCell.m in Sources */ = {isa = PBXBuildFile; fileRef = 7ED265A91CEC93E100173BE3 /* MWGridCell.m */; };
		7ED265BC1CEC93E200173BE3 /* MWGridViewController.m in Sources */ = {isa = PBXBuildFile; fileRef = 7ED265AB1CEC93E100173BE3 /* MWGridViewController.m */; };
		7ED265BD1CEC93E200173BE3 /* MWPhoto.m in Sources */ = {isa = PBXBuildFile; fileRef = 7ED265AD1CEC93E100173BE3 /* MWPhoto.m */; };
		7ED265BE1CEC93E200173BE3 /* MWPhotoBrowser.m in Sources */ = {isa = PBXBuildFile; fileRef = 7ED265AF1CEC93E100173BE3 /* MWPhotoBrowser.m */; };
		7ED265BF1CEC93E200173BE3 /* MWTapDetectingImageView.m in Sources */ = {isa = PBXBuildFile; fileRef = 7ED265B31CEC93E100173BE3 /* MWTapDetectingImageView.m */; };
		7ED265C01CEC93E200173BE3 /* MWTapDetectingView.m in Sources */ = {isa = PBXBuildFile; fileRef = 7ED265B51CEC93E100173BE3 /* MWTapDetectingView.m */; };
		7ED265C11CEC93E200173BE3 /* MWZoomingScrollView.m in Sources */ = {isa = PBXBuildFile; fileRef = 7ED265B71CEC93E100173BE3 /* MWZoomingScrollView.m */; };
		7ED265C21CEC93E200173BE3 /* UIImage+MWPhotoBrowser.m in Sources */ = {isa = PBXBuildFile; fileRef = 7ED265B91CEC93E100173BE3 /* UIImage+MWPhotoBrowser.m */; };
		7ED265D41CEC953400173BE3 /* DACircularProgressView.m in Sources */ = {isa = PBXBuildFile; fileRef = 7ED265D11CEC953400173BE3 /* DACircularProgressView.m */; };
		7ED265D51CEC953400173BE3 /* DALabeledCircularProgressView.m in Sources */ = {isa = PBXBuildFile; fileRef = 7ED265D31CEC953400173BE3 /* DALabeledCircularProgressView.m */; };
		7ED265D81CECAEF300173BE3 /* ImagePickerEditCell.m in Sources */ = {isa = PBXBuildFile; fileRef = 7ED265D71CECAEF300173BE3 /* ImagePickerEditCell.m */; };
		7ED343AC1DD2FB8C00732496 /* NSURLSessionTestViewController.m in Sources */ = {isa = PBXBuildFile; fileRef = 7ED343AB1DD2FB8C00732496 /* NSURLSessionTestViewController.m */; };
		7EDAFA961D4B8ED300D7D288 /* RACPlaygourndVC.m in Sources */ = {isa = PBXBuildFile; fileRef = 7EDAFA941D4B8ED300D7D288 /* RACPlaygourndVC.m */; };
		7EDAFA971D4B8ED300D7D288 /* RACPlaygourndVC.xib in Resources */ = {isa = PBXBuildFile; fileRef = 7EDAFA951D4B8ED300D7D288 /* RACPlaygourndVC.xib */; };
		7EED63581CF42B1100B426D3 /* UploadAssetDBHelper.m in Sources */ = {isa = PBXBuildFile; fileRef = 7EED63571CF42B1100B426D3 /* UploadAssetDBHelper.m */; };
		7EED635B1CF42DC000B426D3 /* UploadAssetManagedObject.m in Sources */ = {isa = PBXBuildFile; fileRef = 7EED635A1CF42DC000B426D3 /* UploadAssetManagedObject.m */; };
		7EED635E1CF442E900B426D3 /* UploadPhotoModel.m in Sources */ = {isa = PBXBuildFile; fileRef = 7EED635D1CF442E900B426D3 /* UploadPhotoModel.m */; };
		7EF292FE1DEFEC5200FE055C /* CellHeightDemo.storyboard in Resources */ = {isa = PBXBuildFile; fileRef = 7EF292FD1DEFEC5200FE055C /* CellHeightDemo.storyboard */; };
		7EF293011DEFEC8E00FE055C /* CellHeightDemoVC.m in Sources */ = {isa = PBXBuildFile; fileRef = 7EF293001DEFEC8E00FE055C /* CellHeightDemoVC.m */; };
		7EF293051DEFECC200FE055C /* HeightDemoCell_1.m in Sources */ = {isa = PBXBuildFile; fileRef = 7EF293031DEFECC200FE055C /* HeightDemoCell_1.m */; };
		7EF293061DEFECC200FE055C /* HeightDemoCell_1.xib in Resources */ = {isa = PBXBuildFile; fileRef = 7EF293041DEFECC200FE055C /* HeightDemoCell_1.xib */; };
		7EF293111DEFFC9400FE055C /* 123.png in Resources */ = {isa = PBXBuildFile; fileRef = 7EF293101DEFFC9400FE055C /* 123.png */; };
		7EF293151DEFFD1500FE055C /* HeightDemoStackViewCell.m in Sources */ = {isa = PBXBuildFile; fileRef = 7EF293131DEFFD1500FE055C /* HeightDemoStackViewCell.m */; };
		7EF293161DEFFD1500FE055C /* HeightDemoStackViewCell.xib in Resources */ = {isa = PBXBuildFile; fileRef = 7EF293141DEFFD1500FE055C /* HeightDemoStackViewCell.xib */; };
		7EF2B0311DEF2C0200600054 /* BlocksKitDemo.storyboard in Resources */ = {isa = PBXBuildFile; fileRef = 7EF2B0301DEF2C0200600054 /* BlocksKitDemo.storyboard */; };
		7EF2B0341DEF2C1700600054 /* BlocksKitDemo.m in Sources */ = {isa = PBXBuildFile; fileRef = 7EF2B0331DEF2C1700600054 /* BlocksKitDemo.m */; };
		7EF78F4C1DED84760051F452 /* Employee+CoreDataClass.m in Sources */ = {isa = PBXBuildFile; fileRef = 7EF78F451DED84760051F452 /* Employee+CoreDataClass.m */; };
		7EF78F4D1DED84760051F452 /* Employee+CoreDataProperties.m in Sources */ = {isa = PBXBuildFile; fileRef = 7EF78F471DED84760051F452 /* Employee+CoreDataProperties.m */; };
		7EF78F4E1DED84760051F452 /* Department+CoreDataClass.m in Sources */ = {isa = PBXBuildFile; fileRef = 7EF78F491DED84760051F452 /* Department+CoreDataClass.m */; };
		7EF78F4F1DED84760051F452 /* Department+CoreDataProperties.m in Sources */ = {isa = PBXBuildFile; fileRef = 7EF78F4B1DED84760051F452 /* Department+CoreDataProperties.m */; };
		7EF7C1E61D261A69004CFA7D /* RACTestVC.m in Sources */ = {isa = PBXBuildFile; fileRef = 7EF7C1E51D261A69004CFA7D /* RACTestVC.m */; };
		7EF7C1E91D261C70004CFA7D /* RACSignalTestVC.m in Sources */ = {isa = PBXBuildFile; fileRef = 7EF7C1E81D261C70004CFA7D /* RACSignalTestVC.m */; };
		7EF7C1EC1D264BE2004CFA7D /* RACSubjectTestVC.m in Sources */ = {isa = PBXBuildFile; fileRef = 7EF7C1EB1D264BE2004CFA7D /* RACSubjectTestVC.m */; };
		7EF7C1F61D266052004CFA7D /* RACSubjectReplaceDelegateVC.xib in Resources */ = {isa = PBXBuildFile; fileRef = 7EF7C1F41D266052004CFA7D /* RACSubjectReplaceDelegateVC.xib */; };
		7EF7C1F91D2660B8004CFA7D /* RACRedView.m in Sources */ = {isa = PBXBuildFile; fileRef = 7EF7C1F81D2660B8004CFA7D /* RACRedView.m */; };
		7EF7C1FC1D2669CB004CFA7D /* RACTupleTestVC.m in Sources */ = {isa = PBXBuildFile; fileRef = 7EF7C1FB1D2669CB004CFA7D /* RACTupleTestVC.m */; };
		7EF7C1FF1D266E98004CFA7D /* RACFlag.m in Sources */ = {isa = PBXBuildFile; fileRef = 7EF7C1FE1D266E98004CFA7D /* RACFlag.m */; };
		7EF7C2021D2A4431004CFA7D /* RACLiftSelectorTestVC.m in Sources */ = {isa = PBXBuildFile; fileRef = 7EF7C2011D2A4431004CFA7D /* RACLiftSelectorTestVC.m */; };
		7EF7C2091D2A48B1004CFA7D /* RACMacroTestVC.m in Sources */ = {isa = PBXBuildFile; fileRef = 7EF7C2071D2A48B1004CFA7D /* RACMacroTestVC.m */; };
		7EF7C20A1D2A48B1004CFA7D /* RACMacroTestVC.xib in Resources */ = {isa = PBXBuildFile; fileRef = 7EF7C2081D2A48B1004CFA7D /* RACMacroTestVC.xib */; };
		7EF7C20E1D2A4BFF004CFA7D /* RACModalVC.m in Sources */ = {isa = PBXBuildFile; fileRef = 7EF7C20C1D2A4BFF004CFA7D /* RACModalVC.m */; };
		7EF7C20F1D2A4BFF004CFA7D /* RACModalVC.xib in Resources */ = {isa = PBXBuildFile; fileRef = 7EF7C20D1D2A4BFF004CFA7D /* RACModalVC.xib */; };
		7EF7C2121D2A5BB0004CFA7D /* RACMulticastConnectionTestVC.m in Sources */ = {isa = PBXBuildFile; fileRef = 7EF7C2111D2A5BB0004CFA7D /* RACMulticastConnectionTestVC.m */; };
		7EF7C2151D2A664E004CFA7D /* RACCommandTestVC.m in Sources */ = {isa = PBXBuildFile; fileRef = 7EF7C2141D2A664E004CFA7D /* RACCommandTestVC.m */; };
		7EF7C2181D2B624C004CFA7D /* RACBindTestVC.m in Sources */ = {isa = PBXBuildFile; fileRef = 7EF7C2171D2B624C004CFA7D /* RACBindTestVC.m */; };
		7EF7C21C1D2CDC2B004CFA7D /* RACMapTestVC.m in Sources */ = {isa = PBXBuildFile; fileRef = 7EF7C21B1D2CDC2B004CFA7D /* RACMapTestVC.m */; };
		7EFA03B21CC71CE300B80B9B /* main.m in Sources */ = {isa = PBXBuildFile; fileRef = 7EFA03B11CC71CE300B80B9B /* main.m */; };
		7EFA03B51CC71CE300B80B9B /* AppDelegate.m in Sources */ = {isa = PBXBuildFile; fileRef = 7EFA03B41CC71CE300B80B9B /* AppDelegate.m */; };
		7EFA03BD1CC71CE300B80B9B /* Assets.xcassets in Resources */ = {isa = PBXBuildFile; fileRef = 7EFA03BC1CC71CE300B80B9B /* Assets.xcassets */; };
/* End PBXBuildFile section */

/* Begin PBXFileReference section */
		1C592ADEC3AC9307FDC35BBA /* libPods-iOSNote.a */ = {isa = PBXFileReference; explicitFileType = archive.ar; includeInIndex = 0; path = "libPods-iOSNote.a"; sourceTree = BUILT_PRODUCTS_DIR; };
		52E0558754EEE39A62FE486F /* Pods-iOSNote.debug.xcconfig */ = {isa = PBXFileReference; includeInIndex = 1; lastKnownFileType = text.xcconfig; name = "Pods-iOSNote.debug.xcconfig"; path = "Pods/Target Support Files/Pods-iOSNote/Pods-iOSNote.debug.xcconfig"; sourceTree = "<group>"; };
		7E0C01D81DA8D254004ECFA6 /* SwiftPlayground.playground */ = {isa = PBXFileReference; lastKnownFileType = file.playground; path = SwiftPlayground.playground; sourceTree = "<group>"; };
		7E0C01DB1DA8D2B1004ECFA6 /* SwiftVC.swift */ = {isa = PBXFileReference; fileEncoding = 4; lastKnownFileType = sourcecode.swift; path = SwiftVC.swift; sourceTree = "<group>"; };
		7E0C01DD1DA8D498004ECFA6 /* iOSNote-Bridging-Header.h */ = {isa = PBXFileReference; fileEncoding = 4; lastKnownFileType = sourcecode.c.h; path = "iOSNote-Bridging-Header.h"; sourceTree = "<group>"; };
		7E17C7DF1CCB8F9F00DBF8D7 /* RuntimeTestViewController.h */ = {isa = PBXFileReference; fileEncoding = 4; lastKnownFileType = sourcecode.c.h; path = RuntimeTestViewController.h; sourceTree = "<group>"; };
		7E17C7E01CCB8F9F00DBF8D7 /* RuntimeTestViewController.m */ = {isa = PBXFileReference; fileEncoding = 4; lastKnownFileType = sourcecode.c.objc; path = RuntimeTestViewController.m; sourceTree = "<group>"; };
		7E37B5FE1DD8AD4C000EC894 /* DragerDemo.storyboard */ = {isa = PBXFileReference; fileEncoding = 4; lastKnownFileType = file.storyboard; path = DragerDemo.storyboard; sourceTree = "<group>"; };
		7E3E3FAF1D2CE8A40085DCA0 /* RACConcatTestVC.h */ = {isa = PBXFileReference; fileEncoding = 4; lastKnownFileType = sourcecode.c.h; path = RACConcatTestVC.h; sourceTree = "<group>"; };
		7E3E3FB01D2CE8A40085DCA0 /* RACConcatTestVC.m */ = {isa = PBXFileReference; fileEncoding = 4; lastKnownFileType = sourcecode.c.objc; path = RACConcatTestVC.m; sourceTree = "<group>"; };
		7E3E3FB21D2D03680085DCA0 /* RACFilterTestVC.h */ = {isa = PBXFileReference; fileEncoding = 4; lastKnownFileType = sourcecode.c.h; path = RACFilterTestVC.h; sourceTree = "<group>"; };
		7E3E3FB31D2D03680085DCA0 /* RACFilterTestVC.m */ = {isa = PBXFileReference; fileEncoding = 4; lastKnownFileType = sourcecode.c.objc; path = RACFilterTestVC.m; sourceTree = "<group>"; };
		7E3E3FB51D2E3E810085DCA0 /* RACMVVMLoginVC.h */ = {isa = PBXFileReference; fileEncoding = 4; lastKnownFileType = sourcecode.c.h; path = RACMVVMLoginVC.h; sourceTree = "<group>"; };
		7E3E3FB61D2E3E810085DCA0 /* RACMVVMLoginVC.m */ = {isa = PBXFileReference; fileEncoding = 4; lastKnownFileType = sourcecode.c.objc; path = RACMVVMLoginVC.m; sourceTree = "<group>"; };
		7E3E3FB71D2E3E810085DCA0 /* RACMVVMLoginVC.xib */ = {isa = PBXFileReference; fileEncoding = 4; lastKnownFileType = file.xib; path = RACMVVMLoginVC.xib; sourceTree = "<group>"; };
		7E3E3FBA1D2E52900085DCA0 /* LoginViewModel.h */ = {isa = PBXFileReference; fileEncoding = 4; lastKnownFileType = sourcecode.c.h; path = LoginViewModel.h; sourceTree = "<group>"; };
		7E3E3FBB1D2E52900085DCA0 /* LoginViewModel.m */ = {isa = PBXFileReference; fileEncoding = 4; lastKnownFileType = sourcecode.c.objc; path = LoginViewModel.m; sourceTree = "<group>"; };
		7E3E3FC01D2F54C90085DCA0 /* RACMVVMRequestVC.h */ = {isa = PBXFileReference; fileEncoding = 4; lastKnownFileType = sourcecode.c.h; path = RACMVVMRequestVC.h; sourceTree = "<group>"; };
		7E3E3FC11D2F54C90085DCA0 /* RACMVVMRequestVC.m */ = {isa = PBXFileReference; fileEncoding = 4; lastKnownFileType = sourcecode.c.objc; path = RACMVVMRequestVC.m; sourceTree = "<group>"; };
		7E3E3FC21D2F54C90085DCA0 /* RACMVVMRequestVC.xib */ = {isa = PBXFileReference; fileEncoding = 4; lastKnownFileType = file.xib; path = RACMVVMRequestVC.xib; sourceTree = "<group>"; };
		7E3E3FC51D2F59350085DCA0 /* RequestViewModel.h */ = {isa = PBXFileReference; fileEncoding = 4; lastKnownFileType = sourcecode.c.h; path = RequestViewModel.h; sourceTree = "<group>"; };
		7E3E3FC61D2F59350085DCA0 /* RequestViewModel.m */ = {isa = PBXFileReference; fileEncoding = 4; lastKnownFileType = sourcecode.c.objc; path = RequestViewModel.m; sourceTree = "<group>"; };
		7E427F801CEB4ADD0031EA69 /* EditImageVC.h */ = {isa = PBXFileReference; fileEncoding = 4; lastKnownFileType = sourcecode.c.h; path = EditImageVC.h; sourceTree = "<group>"; };
		7E427F811CEB4ADD0031EA69 /* EditImageVC.m */ = {isa = PBXFileReference; fileEncoding = 4; lastKnownFileType = sourcecode.c.objc; path = EditImageVC.m; sourceTree = "<group>"; };
		7E427F831CEB51D10031EA69 /* ImagePickerVC.h */ = {isa = PBXFileReference; fileEncoding = 4; lastKnownFileType = sourcecode.c.h; path = ImagePickerVC.h; sourceTree = "<group>"; };
		7E427F841CEB51D10031EA69 /* ImagePickerVC.m */ = {isa = PBXFileReference; fileEncoding = 4; lastKnownFileType = sourcecode.c.objc; path = ImagePickerVC.m; sourceTree = "<group>"; };
		7E427F861CEB51DF0031EA69 /* AlbumPickerVC.h */ = {isa = PBXFileReference; fileEncoding = 4; lastKnownFileType = sourcecode.c.h; path = AlbumPickerVC.h; sourceTree = "<group>"; };
		7E427F871CEB51DF0031EA69 /* AlbumPickerVC.m */ = {isa = PBXFileReference; fileEncoding = 4; lastKnownFileType = sourcecode.c.objc; path = AlbumPickerVC.m; sourceTree = "<group>"; };
		7E616AF91DEECAAA00845057 /* PureLayoutDemo.storyboard */ = {isa = PBXFileReference; fileEncoding = 4; lastKnownFileType = file.storyboard; path = PureLayoutDemo.storyboard; sourceTree = "<group>"; };
		7E616AFB1DEECB0800845057 /* PureLayoutDemoVC.h */ = {isa = PBXFileReference; fileEncoding = 4; lastKnownFileType = sourcecode.c.h; path = PureLayoutDemoVC.h; sourceTree = "<group>"; };
		7E616AFC1DEECB0800845057 /* PureLayoutDemoVC.m */ = {isa = PBXFileReference; fileEncoding = 4; lastKnownFileType = sourcecode.c.objc; path = PureLayoutDemoVC.m; sourceTree = "<group>"; };
		7E725EB61D3E153100662692 /* GCDTestVC.h */ = {isa = PBXFileReference; fileEncoding = 4; lastKnownFileType = sourcecode.c.h; path = GCDTestVC.h; sourceTree = "<group>"; };
		7E725EB71D3E153100662692 /* GCDTestVC.m */ = {isa = PBXFileReference; fileEncoding = 4; lastKnownFileType = sourcecode.c.objc; path = GCDTestVC.m; sourceTree = "<group>"; };
		7E725EB81D3E153100662692 /* GCDTestVC.xib */ = {isa = PBXFileReference; fileEncoding = 4; lastKnownFileType = file.xib; path = GCDTestVC.xib; sourceTree = "<group>"; };
		7E743A7C1DED62A60044CA2F /* RACBaseVC.h */ = {isa = PBXFileReference; fileEncoding = 4; lastKnownFileType = sourcecode.c.h; path = RACBaseVC.h; sourceTree = "<group>"; };
		7E743A7D1DED62A60044CA2F /* RACBaseVC.m */ = {isa = PBXFileReference; fileEncoding = 4; lastKnownFileType = sourcecode.c.objc; path = RACBaseVC.m; sourceTree = "<group>"; };
		7E743A841DED6BF00044CA2F /* CoreDataDemo.storyboard */ = {isa = PBXFileReference; fileEncoding = 4; lastKnownFileType = file.storyboard; path = CoreDataDemo.storyboard; sourceTree = "<group>"; };
		7E743A861DED6C490044CA2F /* CoreDataDemoVC.h */ = {isa = PBXFileReference; fileEncoding = 4; lastKnownFileType = sourcecode.c.h; path = CoreDataDemoVC.h; sourceTree = "<group>"; };
		7E743A871DED6C490044CA2F /* CoreDataDemoVC.m */ = {isa = PBXFileReference; fileEncoding = 4; lastKnownFileType = sourcecode.c.objc; path = CoreDataDemoVC.m; sourceTree = "<group>"; };
		7E86F7AC1DD8ABC500B4A5FB /* DragerViewController.h */ = {isa = PBXFileReference; fileEncoding = 4; lastKnownFileType = sourcecode.c.h; path = DragerViewController.h; sourceTree = "<group>"; };
		7E86F7AD1DD8ABC500B4A5FB /* DragerViewController.m */ = {isa = PBXFileReference; fileEncoding = 4; lastKnownFileType = sourcecode.c.objc; path = DragerViewController.m; sourceTree = "<group>"; };
		7E8789C31D42794A00200F42 /* RACSubjectReplaceDelegateVC.m */ = {isa = PBXFileReference; fileEncoding = 4; lastKnownFileType = sourcecode.c.objc; path = RACSubjectReplaceDelegateVC.m; sourceTree = "<group>"; };
		7EA093C01CE57C68004EE471 /* TransitionDemoVC.h */ = {isa = PBXFileReference; fileEncoding = 4; lastKnownFileType = sourcecode.c.h; path = TransitionDemoVC.h; sourceTree = "<group>"; };
		7EA093C11CE57C68004EE471 /* TransitionDemoVC.m */ = {isa = PBXFileReference; fileEncoding = 4; lastKnownFileType = sourcecode.c.objc; path = TransitionDemoVC.m; sourceTree = "<group>"; };
		7EA093C51CE57D69004EE471 /* thing01.jpg */ = {isa = PBXFileReference; lastKnownFileType = image.jpeg; path = thing01.jpg; sourceTree = "<group>"; };
		7EA093C61CE57D69004EE471 /* thing02.jpg */ = {isa = PBXFileReference; lastKnownFileType = image.jpeg; path = thing02.jpg; sourceTree = "<group>"; };
		7EA093C71CE57D69004EE471 /* thing03.jpg */ = {isa = PBXFileReference; lastKnownFileType = image.jpeg; path = thing03.jpg; sourceTree = "<group>"; };
		7EA093C81CE57D69004EE471 /* thing04.jpg */ = {isa = PBXFileReference; lastKnownFileType = image.jpeg; path = thing04.jpg; sourceTree = "<group>"; };
		7EA093C91CE57D69004EE471 /* thing05.jpg */ = {isa = PBXFileReference; lastKnownFileType = image.jpeg; path = thing05.jpg; sourceTree = "<group>"; };
		7EA093CF1CE58216004EE471 /* TransitionDemoSecVC.h */ = {isa = PBXFileReference; fileEncoding = 4; lastKnownFileType = sourcecode.c.h; path = TransitionDemoSecVC.h; sourceTree = "<group>"; };
		7EA093D01CE58216004EE471 /* TransitionDemoSecVC.m */ = {isa = PBXFileReference; fileEncoding = 4; lastKnownFileType = sourcecode.c.objc; path = TransitionDemoSecVC.m; sourceTree = "<group>"; };
		7EA093D21CE58285004EE471 /* TransitionDemo.storyboard */ = {isa = PBXFileReference; fileEncoding = 4; lastKnownFileType = file.storyboard; path = TransitionDemo.storyboard; sourceTree = "<group>"; };
		7EA093D41CE5B1E2004EE471 /* TDDemoCell.h */ = {isa = PBXFileReference; fileEncoding = 4; lastKnownFileType = sourcecode.c.h; path = TDDemoCell.h; sourceTree = "<group>"; };
		7EA093D51CE5B1E2004EE471 /* TDDemoCell.m */ = {isa = PBXFileReference; fileEncoding = 4; lastKnownFileType = sourcecode.c.objc; path = TDDemoCell.m; sourceTree = "<group>"; };
		7EA093D71CE5BDE8004EE471 /* TDModel.h */ = {isa = PBXFileReference; fileEncoding = 4; lastKnownFileType = sourcecode.c.h; path = TDModel.h; sourceTree = "<group>"; };
		7EA093D81CE5BDE8004EE471 /* TDModel.m */ = {isa = PBXFileReference; fileEncoding = 4; lastKnownFileType = sourcecode.c.objc; path = TDModel.m; sourceTree = "<group>"; };
		7EA093DA1CE5C850004EE471 /* TDTransitionFromFirToSec.h */ = {isa = PBXFileReference; fileEncoding = 4; lastKnownFileType = sourcecode.c.h; path = TDTransitionFromFirToSec.h; sourceTree = "<group>"; };
		7EA093DB1CE5C850004EE471 /* TDTransitionFromFirToSec.m */ = {isa = PBXFileReference; fileEncoding = 4; lastKnownFileType = sourcecode.c.objc; path = TDTransitionFromFirToSec.m; sourceTree = "<group>"; };
		7EA093DD1CE5CB07004EE471 /* TDTransitionFromSecToFir.h */ = {isa = PBXFileReference; fileEncoding = 4; lastKnownFileType = sourcecode.c.h; path = TDTransitionFromSecToFir.h; sourceTree = "<group>"; };
		7EA093DE1CE5CB07004EE471 /* TDTransitionFromSecToFir.m */ = {isa = PBXFileReference; fileEncoding = 4; lastKnownFileType = sourcecode.c.objc; path = TDTransitionFromSecToFir.m; sourceTree = "<group>"; };
		7EB814271CED5C1E0007F261 /* UploadPhotoContext.h */ = {isa = PBXFileReference; fileEncoding = 4; lastKnownFileType = sourcecode.c.h; path = UploadPhotoContext.h; sourceTree = "<group>"; };
		7EB814281CED5C1E0007F261 /* UploadPhotoContext.m */ = {isa = PBXFileReference; fileEncoding = 4; lastKnownFileType = sourcecode.c.objc; path = UploadPhotoContext.m; sourceTree = "<group>"; };
		7EB8142A1CED62E40007F261 /* CoreData.framework */ = {isa = PBXFileReference; lastKnownFileType = wrapper.framework; name = CoreData.framework; path = System/Library/Frameworks/CoreData.framework; sourceTree = SDKROOT; };
		7EB814531CED633D0007F261 /* iOSNote.xcdatamodel */ = {isa = PBXFileReference; lastKnownFileType = wrapper.xcdatamodel; path = iOSNote.xcdatamodel; sourceTree = "<group>"; };
		7EBDA3E11D43929300C149F7 /* RACBookSearchVC.h */ = {isa = PBXFileReference; fileEncoding = 4; lastKnownFileType = sourcecode.c.h; path = RACBookSearchVC.h; sourceTree = "<group>"; };
		7EBDA3E21D43929300C149F7 /* RACBookSearchVC.m */ = {isa = PBXFileReference; fileEncoding = 4; lastKnownFileType = sourcecode.c.objc; path = RACBookSearchVC.m; sourceTree = "<group>"; };
		7EBDA3E31D43929300C149F7 /* RACBookSearchVC.xib */ = {isa = PBXFileReference; fileEncoding = 4; lastKnownFileType = file.xib; path = RACBookSearchVC.xib; sourceTree = "<group>"; };
		7EBDA3E61D43964000C149F7 /* RACBookSearchVM.h */ = {isa = PBXFileReference; fileEncoding = 4; lastKnownFileType = sourcecode.c.h; path = RACBookSearchVM.h; sourceTree = "<group>"; };
		7EBDA3E71D43964000C149F7 /* RACBookSearchVM.m */ = {isa = PBXFileReference; fileEncoding = 4; lastKnownFileType = sourcecode.c.objc; path = RACBookSearchVM.m; sourceTree = "<group>"; };
		7EBDA3E91D43AA2400C149F7 /* RACBookEntity.h */ = {isa = PBXFileReference; fileEncoding = 4; lastKnownFileType = sourcecode.c.h; path = RACBookEntity.h; sourceTree = "<group>"; };
		7EBDA3EA1D43AA2400C149F7 /* RACBookEntity.m */ = {isa = PBXFileReference; fileEncoding = 4; lastKnownFileType = sourcecode.c.objc; path = RACBookEntity.m; sourceTree = "<group>"; };
		7EBDA3EC1D43B26B00C149F7 /* RACBookListVC.h */ = {isa = PBXFileReference; fileEncoding = 4; lastKnownFileType = sourcecode.c.h; path = RACBookListVC.h; sourceTree = "<group>"; };
		7EBDA3ED1D43B26B00C149F7 /* RACBookListVC.m */ = {isa = PBXFileReference; fileEncoding = 4; lastKnownFileType = sourcecode.c.objc; path = RACBookListVC.m; sourceTree = "<group>"; };
		7EC3CC281CC8C92F00952B4D /* TestViewController.h */ = {isa = PBXFileReference; fileEncoding = 4; lastKnownFileType = sourcecode.c.h; path = TestViewController.h; sourceTree = "<group>"; };
		7EC3CC291CC8C92F00952B4D /* TestViewController.m */ = {isa = PBXFileReference; fileEncoding = 4; lastKnownFileType = sourcecode.c.objc; path = TestViewController.m; sourceTree = "<group>"; };
		7EC3CC2B1CC9FE4100952B4D /* AutolayoutTestViewController.h */ = {isa = PBXFileReference; fileEncoding = 4; lastKnownFileType = sourcecode.c.h; path = AutolayoutTestViewController.h; sourceTree = "<group>"; };
		7EC3CC2C1CC9FE4100952B4D /* AutolayoutTestViewController.m */ = {isa = PBXFileReference; fileEncoding = 4; lastKnownFileType = sourcecode.c.objc; path = AutolayoutTestViewController.m; sourceTree = "<group>"; };
		7EC3CC2E1CCA378A00952B4D /* XibTestViewController.h */ = {isa = PBXFileReference; fileEncoding = 4; lastKnownFileType = sourcecode.c.h; path = XibTestViewController.h; sourceTree = "<group>"; };
		7EC3CC2F1CCA378A00952B4D /* XibTestViewController.m */ = {isa = PBXFileReference; fileEncoding = 4; lastKnownFileType = sourcecode.c.objc; path = XibTestViewController.m; sourceTree = "<group>"; };
		7EC3CC301CCA378A00952B4D /* XibTestViewController.xib */ = {isa = PBXFileReference; fileEncoding = 4; lastKnownFileType = file.xib; path = XibTestViewController.xib; sourceTree = "<group>"; };
		7EC3CC331CCA570000952B4D /* FirstTableViewCell.h */ = {isa = PBXFileReference; fileEncoding = 4; lastKnownFileType = sourcecode.c.h; path = FirstTableViewCell.h; sourceTree = "<group>"; };
		7EC3CC341CCA570000952B4D /* FirstTableViewCell.m */ = {isa = PBXFileReference; fileEncoding = 4; lastKnownFileType = sourcecode.c.objc; path = FirstTableViewCell.m; sourceTree = "<group>"; };
		7EC3CC351CCA570000952B4D /* FirstTableViewCell.xib */ = {isa = PBXFileReference; fileEncoding = 4; lastKnownFileType = file.xib; path = FirstTableViewCell.xib; sourceTree = "<group>"; };
		7EC3CC381CCA571D00952B4D /* FirstTableViewController.h */ = {isa = PBXFileReference; fileEncoding = 4; lastKnownFileType = sourcecode.c.h; path = FirstTableViewController.h; sourceTree = "<group>"; };
		7EC3CC391CCA571D00952B4D /* FirstTableViewController.m */ = {isa = PBXFileReference; fileEncoding = 4; lastKnownFileType = sourcecode.c.objc; path = FirstTableViewController.m; sourceTree = "<group>"; };
		7EC3CC3A1CCA571D00952B4D /* FirstTableViewController.xib */ = {isa = PBXFileReference; fileEncoding = 4; lastKnownFileType = file.xib; path = FirstTableViewController.xib; sourceTree = "<group>"; };
		7EC3CC3D1CCA596D00952B4D /* star_orange_tiny@2x.png */ = {isa = PBXFileReference; lastKnownFileType = image.png; path = "star_orange_tiny@2x.png"; sourceTree = "<group>"; };
		7EC3CC3E1CCA596D00952B4D /* star_orange_tiny@3x.png */ = {isa = PBXFileReference; lastKnownFileType = image.png; path = "star_orange_tiny@3x.png"; sourceTree = "<group>"; };
		7ECEBAB01DE59A1400E0A99B /* BlockDemo.storyboard */ = {isa = PBXFileReference; fileEncoding = 4; lastKnownFileType = file.storyboard; path = BlockDemo.storyboard; sourceTree = "<group>"; };
		7ECEBAB41DE59BE100E0A99B /* BlockDemoVC.h */ = {isa = PBXFileReference; fileEncoding = 4; lastKnownFileType = sourcecode.c.h; path = BlockDemoVC.h; sourceTree = "<group>"; };
		7ECEBAB51DE59BE100E0A99B /* BlockDemoVC.m */ = {isa = PBXFileReference; fileEncoding = 4; lastKnownFileType = sourcecode.c.objc; path = BlockDemoVC.m; sourceTree = "<group>"; };
		7ECEBAB71DE5DFF000E0A99B /* BDCalculatorManager.h */ = {isa = PBXFileReference; fileEncoding = 4; lastKnownFileType = sourcecode.c.h; path = BDCalculatorManager.h; sourceTree = "<group>"; };
		7ECEBAB81DE5DFF000E0A99B /* BDCalculatorManager.m */ = {isa = PBXFileReference; fileEncoding = 4; lastKnownFileType = sourcecode.c.objc; path = BDCalculatorManager.m; sourceTree = "<group>"; };
		7ECEBABA1DE726B200E0A99B /* RACDemo.storyboard */ = {isa = PBXFileReference; fileEncoding = 4; lastKnownFileType = file.storyboard; path = RACDemo.storyboard; sourceTree = "<group>"; };
		7ECEBABF1DE7278B00E0A99B /* RACDemoVC.h */ = {isa = PBXFileReference; fileEncoding = 4; lastKnownFileType = sourcecode.c.h; path = RACDemoVC.h; sourceTree = "<group>"; };
		7ECEBAC01DE7278B00E0A99B /* RACDemoVC.m */ = {isa = PBXFileReference; fileEncoding = 4; lastKnownFileType = sourcecode.c.objc; path = RACDemoVC.m; sourceTree = "<group>"; };
		7ECEBAC21DE7362F00E0A99B /* RACAdvancedVC.h */ = {isa = PBXFileReference; fileEncoding = 4; lastKnownFileType = sourcecode.c.h; path = RACAdvancedVC.h; sourceTree = "<group>"; };
		7ECEBAC31DE7362F00E0A99B /* RACAdvancedVC.m */ = {isa = PBXFileReference; fileEncoding = 4; lastKnownFileType = sourcecode.c.objc; path = RACAdvancedVC.m; sourceTree = "<group>"; };
		7ECF68D71D9A110C00EC1B99 /* RACTestViewController.h */ = {isa = PBXFileReference; fileEncoding = 4; lastKnownFileType = sourcecode.c.h; path = RACTestViewController.h; sourceTree = "<group>"; };
		7ECF68D81D9A110C00EC1B99 /* RACTestViewController.m */ = {isa = PBXFileReference; fileEncoding = 4; lastKnownFileType = sourcecode.c.objc; path = RACTestViewController.m; sourceTree = "<group>"; };
		7ECF68D91D9A110C00EC1B99 /* RACTestViewController.xib */ = {isa = PBXFileReference; fileEncoding = 4; lastKnownFileType = file.xib; path = RACTestViewController.xib; sourceTree = "<group>"; };
		7ED265891CEB655900173BE3 /* ImagePickerCell.h */ = {isa = PBXFileReference; fileEncoding = 4; lastKnownFileType = sourcecode.c.h; path = ImagePickerCell.h; sourceTree = "<group>"; };
		7ED2658A1CEB655900173BE3 /* ImagePickerCell.m */ = {isa = PBXFileReference; fileEncoding = 4; lastKnownFileType = sourcecode.c.objc; path = ImagePickerCell.m; sourceTree = "<group>"; };
		7ED2658D1CEC21C100173BE3 /* dots@2x.png */ = {isa = PBXFileReference; lastKnownFileType = image.png; path = "dots@2x.png"; sourceTree = "<group>"; };
		7ED2658E1CEC21C100173BE3 /* dots@3x.png */ = {isa = PBXFileReference; lastKnownFileType = image.png; path = "dots@3x.png"; sourceTree = "<group>"; };
		7ED2658F1CEC21C100173BE3 /* selecte@2x.png */ = {isa = PBXFileReference; lastKnownFileType = image.png; path = "selecte@2x.png"; sourceTree = "<group>"; };
		7ED265901CEC21C100173BE3 /* selecte@3x.png */ = {isa = PBXFileReference; lastKnownFileType = image.png; path = "selecte@3x.png"; sourceTree = "<group>"; };
		7ED265911CEC21C100173BE3 /* selected@2x.png */ = {isa = PBXFileReference; lastKnownFileType = image.png; path = "selected@2x.png"; sourceTree = "<group>"; };
		7ED265921CEC21C100173BE3 /* selected@3x.png */ = {isa = PBXFileReference; lastKnownFileType = image.png; path = "selected@3x.png"; sourceTree = "<group>"; };
		7ED265991CEC484800173BE3 /* ImagePickerUploadButton.h */ = {isa = PBXFileReference; fileEncoding = 4; lastKnownFileType = sourcecode.c.h; path = ImagePickerUploadButton.h; sourceTree = "<group>"; };
		7ED2659A1CEC484800173BE3 /* ImagePickerUploadButton.m */ = {isa = PBXFileReference; fileEncoding = 4; lastKnownFileType = sourcecode.c.objc; path = ImagePickerUploadButton.m; sourceTree = "<group>"; };
		7ED2659C1CEC4AFD00173BE3 /* iOSNote-prefix.pch */ = {isa = PBXFileReference; lastKnownFileType = sourcecode.c.h; path = "iOSNote-prefix.pch"; sourceTree = "<group>"; };
		7ED265A01CEC819500173BE3 /* ImageBrowserVC.h */ = {isa = PBXFileReference; fileEncoding = 4; lastKnownFileType = sourcecode.c.h; path = ImageBrowserVC.h; sourceTree = "<group>"; };
		7ED265A11CEC819500173BE3 /* ImageBrowserVC.m */ = {isa = PBXFileReference; fileEncoding = 4; lastKnownFileType = sourcecode.c.objc; path = ImageBrowserVC.m; sourceTree = "<group>"; };
		7ED265A51CEC93E100173BE3 /* MWCaptionView.h */ = {isa = PBXFileReference; fileEncoding = 4; lastKnownFileType = sourcecode.c.h; path = MWCaptionView.h; sourceTree = "<group>"; };
		7ED265A61CEC93E100173BE3 /* MWCaptionView.m */ = {isa = PBXFileReference; fileEncoding = 4; lastKnownFileType = sourcecode.c.objc; path = MWCaptionView.m; sourceTree = "<group>"; };
		7ED265A71CEC93E100173BE3 /* MWCommon.h */ = {isa = PBXFileReference; fileEncoding = 4; lastKnownFileType = sourcecode.c.h; path = MWCommon.h; sourceTree = "<group>"; };
		7ED265A81CEC93E100173BE3 /* MWGridCell.h */ = {isa = PBXFileReference; fileEncoding = 4; lastKnownFileType = sourcecode.c.h; path = MWGridCell.h; sourceTree = "<group>"; };
		7ED265A91CEC93E100173BE3 /* MWGridCell.m */ = {isa = PBXFileReference; fileEncoding = 4; lastKnownFileType = sourcecode.c.objc; path = MWGridCell.m; sourceTree = "<group>"; };
		7ED265AA1CEC93E100173BE3 /* MWGridViewController.h */ = {isa = PBXFileReference; fileEncoding = 4; lastKnownFileType = sourcecode.c.h; path = MWGridViewController.h; sourceTree = "<group>"; };
		7ED265AB1CEC93E100173BE3 /* MWGridViewController.m */ = {isa = PBXFileReference; fileEncoding = 4; lastKnownFileType = sourcecode.c.objc; path = MWGridViewController.m; sourceTree = "<group>"; };
		7ED265AC1CEC93E100173BE3 /* MWPhoto.h */ = {isa = PBXFileReference; fileEncoding = 4; lastKnownFileType = sourcecode.c.h; path = MWPhoto.h; sourceTree = "<group>"; };
		7ED265AD1CEC93E100173BE3 /* MWPhoto.m */ = {isa = PBXFileReference; fileEncoding = 4; lastKnownFileType = sourcecode.c.objc; path = MWPhoto.m; sourceTree = "<group>"; };
		7ED265AE1CEC93E100173BE3 /* MWPhotoBrowser.h */ = {isa = PBXFileReference; fileEncoding = 4; lastKnownFileType = sourcecode.c.h; path = MWPhotoBrowser.h; sourceTree = "<group>"; };
		7ED265AF1CEC93E100173BE3 /* MWPhotoBrowser.m */ = {isa = PBXFileReference; fileEncoding = 4; lastKnownFileType = sourcecode.c.objc; path = MWPhotoBrowser.m; sourceTree = "<group>"; };
		7ED265B01CEC93E100173BE3 /* MWPhotoBrowserPrivate.h */ = {isa = PBXFileReference; fileEncoding = 4; lastKnownFileType = sourcecode.c.h; path = MWPhotoBrowserPrivate.h; sourceTree = "<group>"; };
		7ED265B11CEC93E100173BE3 /* MWPhotoProtocol.h */ = {isa = PBXFileReference; fileEncoding = 4; lastKnownFileType = sourcecode.c.h; path = MWPhotoProtocol.h; sourceTree = "<group>"; };
		7ED265B21CEC93E100173BE3 /* MWTapDetectingImageView.h */ = {isa = PBXFileReference; fileEncoding = 4; lastKnownFileType = sourcecode.c.h; path = MWTapDetectingImageView.h; sourceTree = "<group>"; };
		7ED265B31CEC93E100173BE3 /* MWTapDetectingImageView.m */ = {isa = PBXFileReference; fileEncoding = 4; lastKnownFileType = sourcecode.c.objc; path = MWTapDetectingImageView.m; sourceTree = "<group>"; };
		7ED265B41CEC93E100173BE3 /* MWTapDetectingView.h */ = {isa = PBXFileReference; fileEncoding = 4; lastKnownFileType = sourcecode.c.h; path = MWTapDetectingView.h; sourceTree = "<group>"; };
		7ED265B51CEC93E100173BE3 /* MWTapDetectingView.m */ = {isa = PBXFileReference; fileEncoding = 4; lastKnownFileType = sourcecode.c.objc; path = MWTapDetectingView.m; sourceTree = "<group>"; };
		7ED265B61CEC93E100173BE3 /* MWZoomingScrollView.h */ = {isa = PBXFileReference; fileEncoding = 4; lastKnownFileType = sourcecode.c.h; path = MWZoomingScrollView.h; sourceTree = "<group>"; };
		7ED265B71CEC93E100173BE3 /* MWZoomingScrollView.m */ = {isa = PBXFileReference; fileEncoding = 4; lastKnownFileType = sourcecode.c.objc; path = MWZoomingScrollView.m; sourceTree = "<group>"; };
		7ED265B81CEC93E100173BE3 /* UIImage+MWPhotoBrowser.h */ = {isa = PBXFileReference; fileEncoding = 4; lastKnownFileType = sourcecode.c.h; path = "UIImage+MWPhotoBrowser.h"; sourceTree = "<group>"; };
		7ED265B91CEC93E100173BE3 /* UIImage+MWPhotoBrowser.m */ = {isa = PBXFileReference; fileEncoding = 4; lastKnownFileType = sourcecode.c.objc; path = "UIImage+MWPhotoBrowser.m"; sourceTree = "<group>"; };
		7ED265D01CEC953400173BE3 /* DACircularProgressView.h */ = {isa = PBXFileReference; fileEncoding = 4; lastKnownFileType = sourcecode.c.h; path = DACircularProgressView.h; sourceTree = "<group>"; };
		7ED265D11CEC953400173BE3 /* DACircularProgressView.m */ = {isa = PBXFileReference; fileEncoding = 4; lastKnownFileType = sourcecode.c.objc; path = DACircularProgressView.m; sourceTree = "<group>"; };
		7ED265D21CEC953400173BE3 /* DALabeledCircularProgressView.h */ = {isa = PBXFileReference; fileEncoding = 4; lastKnownFileType = sourcecode.c.h; path = DALabeledCircularProgressView.h; sourceTree = "<group>"; };
		7ED265D31CEC953400173BE3 /* DALabeledCircularProgressView.m */ = {isa = PBXFileReference; fileEncoding = 4; lastKnownFileType = sourcecode.c.objc; path = DALabeledCircularProgressView.m; sourceTree = "<group>"; };
		7ED265D61CECAEF300173BE3 /* ImagePickerEditCell.h */ = {isa = PBXFileReference; fileEncoding = 4; lastKnownFileType = sourcecode.c.h; path = ImagePickerEditCell.h; sourceTree = "<group>"; };
		7ED265D71CECAEF300173BE3 /* ImagePickerEditCell.m */ = {isa = PBXFileReference; fileEncoding = 4; lastKnownFileType = sourcecode.c.objc; path = ImagePickerEditCell.m; sourceTree = "<group>"; };
		7ED343AA1DD2FB8C00732496 /* NSURLSessionTestViewController.h */ = {isa = PBXFileReference; fileEncoding = 4; lastKnownFileType = sourcecode.c.h; path = NSURLSessionTestViewController.h; sourceTree = "<group>"; };
		7ED343AB1DD2FB8C00732496 /* NSURLSessionTestViewController.m */ = {isa = PBXFileReference; fileEncoding = 4; lastKnownFileType = sourcecode.c.objc; path = NSURLSessionTestViewController.m; sourceTree = "<group>"; };
		7EDAFA931D4B8ED300D7D288 /* RACPlaygourndVC.h */ = {isa = PBXFileReference; fileEncoding = 4; lastKnownFileType = sourcecode.c.h; path = RACPlaygourndVC.h; sourceTree = "<group>"; };
		7EDAFA941D4B8ED300D7D288 /* RACPlaygourndVC.m */ = {isa = PBXFileReference; fileEncoding = 4; lastKnownFileType = sourcecode.c.objc; path = RACPlaygourndVC.m; sourceTree = "<group>"; };
		7EDAFA951D4B8ED300D7D288 /* RACPlaygourndVC.xib */ = {isa = PBXFileReference; fileEncoding = 4; lastKnownFileType = file.xib; path = RACPlaygourndVC.xib; sourceTree = "<group>"; };
		7EED63561CF42B1100B426D3 /* UploadAssetDBHelper.h */ = {isa = PBXFileReference; fileEncoding = 4; lastKnownFileType = sourcecode.c.h; path = UploadAssetDBHelper.h; sourceTree = "<group>"; };
		7EED63571CF42B1100B426D3 /* UploadAssetDBHelper.m */ = {isa = PBXFileReference; fileEncoding = 4; lastKnownFileType = sourcecode.c.objc; path = UploadAssetDBHelper.m; sourceTree = "<group>"; };
		7EED63591CF42DC000B426D3 /* UploadAssetManagedObject.h */ = {isa = PBXFileReference; fileEncoding = 4; lastKnownFileType = sourcecode.c.h; path = UploadAssetManagedObject.h; sourceTree = "<group>"; };
		7EED635A1CF42DC000B426D3 /* UploadAssetManagedObject.m */ = {isa = PBXFileReference; fileEncoding = 4; lastKnownFileType = sourcecode.c.objc; path = UploadAssetManagedObject.m; sourceTree = "<group>"; };
		7EED635C1CF442E900B426D3 /* UploadPhotoModel.h */ = {isa = PBXFileReference; fileEncoding = 4; lastKnownFileType = sourcecode.c.h; path = UploadPhotoModel.h; sourceTree = "<group>"; };
		7EED635D1CF442E900B426D3 /* UploadPhotoModel.m */ = {isa = PBXFileReference; fileEncoding = 4; lastKnownFileType = sourcecode.c.objc; path = UploadPhotoModel.m; sourceTree = "<group>"; };
		7EF292FD1DEFEC5200FE055C /* CellHeightDemo.storyboard */ = {isa = PBXFileReference; fileEncoding = 4; lastKnownFileType = file.storyboard; path = CellHeightDemo.storyboard; sourceTree = "<group>"; };
		7EF292FF1DEFEC8E00FE055C /* CellHeightDemoVC.h */ = {isa = PBXFileReference; fileEncoding = 4; lastKnownFileType = sourcecode.c.h; path = CellHeightDemoVC.h; sourceTree = "<group>"; };
		7EF293001DEFEC8E00FE055C /* CellHeightDemoVC.m */ = {isa = PBXFileReference; fileEncoding = 4; lastKnownFileType = sourcecode.c.objc; path = CellHeightDemoVC.m; sourceTree = "<group>"; };
		7EF293021DEFECC200FE055C /* HeightDemoCell_1.h */ = {isa = PBXFileReference; fileEncoding = 4; lastKnownFileType = sourcecode.c.h; path = HeightDemoCell_1.h; sourceTree = "<group>"; };
		7EF293031DEFECC200FE055C /* HeightDemoCell_1.m */ = {isa = PBXFileReference; fileEncoding = 4; lastKnownFileType = sourcecode.c.objc; path = HeightDemoCell_1.m; sourceTree = "<group>"; };
		7EF293041DEFECC200FE055C /* HeightDemoCell_1.xib */ = {isa = PBXFileReference; fileEncoding = 4; lastKnownFileType = file.xib; path = HeightDemoCell_1.xib; sourceTree = "<group>"; };
		7EF293101DEFFC9400FE055C /* 123.png */ = {isa = PBXFileReference; lastKnownFileType = image.png; path = 123.png; sourceTree = "<group>"; };
		7EF293121DEFFD1500FE055C /* HeightDemoStackViewCell.h */ = {isa = PBXFileReference; fileEncoding = 4; lastKnownFileType = sourcecode.c.h; path = HeightDemoStackViewCell.h; sourceTree = "<group>"; };
		7EF293131DEFFD1500FE055C /* HeightDemoStackViewCell.m */ = {isa = PBXFileReference; fileEncoding = 4; lastKnownFileType = sourcecode.c.objc; path = HeightDemoStackViewCell.m; sourceTree = "<group>"; };
		7EF293141DEFFD1500FE055C /* HeightDemoStackViewCell.xib */ = {isa = PBXFileReference; fileEncoding = 4; lastKnownFileType = file.xib; path = HeightDemoStackViewCell.xib; sourceTree = "<group>"; };
		7EF2B0301DEF2C0200600054 /* BlocksKitDemo.storyboard */ = {isa = PBXFileReference; fileEncoding = 4; lastKnownFileType = file.storyboard; path = BlocksKitDemo.storyboard; sourceTree = "<group>"; };
		7EF2B0321DEF2C1700600054 /* BlocksKitDemo.h */ = {isa = PBXFileReference; fileEncoding = 4; lastKnownFileType = sourcecode.c.h; path = BlocksKitDemo.h; sourceTree = "<group>"; };
		7EF2B0331DEF2C1700600054 /* BlocksKitDemo.m */ = {isa = PBXFileReference; fileEncoding = 4; lastKnownFileType = sourcecode.c.objc; path = BlocksKitDemo.m; sourceTree = "<group>"; };
		7EF78F441DED84760051F452 /* Employee+CoreDataClass.h */ = {isa = PBXFileReference; fileEncoding = 4; lastKnownFileType = sourcecode.c.h; path = "Employee+CoreDataClass.h"; sourceTree = "<group>"; };
		7EF78F451DED84760051F452 /* Employee+CoreDataClass.m */ = {isa = PBXFileReference; fileEncoding = 4; lastKnownFileType = sourcecode.c.objc; path = "Employee+CoreDataClass.m"; sourceTree = "<group>"; };
		7EF78F461DED84760051F452 /* Employee+CoreDataProperties.h */ = {isa = PBXFileReference; fileEncoding = 4; lastKnownFileType = sourcecode.c.h; path = "Employee+CoreDataProperties.h"; sourceTree = "<group>"; };
		7EF78F471DED84760051F452 /* Employee+CoreDataProperties.m */ = {isa = PBXFileReference; fileEncoding = 4; lastKnownFileType = sourcecode.c.objc; path = "Employee+CoreDataProperties.m"; sourceTree = "<group>"; };
		7EF78F481DED84760051F452 /* Department+CoreDataClass.h */ = {isa = PBXFileReference; fileEncoding = 4; lastKnownFileType = sourcecode.c.h; path = "Department+CoreDataClass.h"; sourceTree = "<group>"; };
		7EF78F491DED84760051F452 /* Department+CoreDataClass.m */ = {isa = PBXFileReference; fileEncoding = 4; lastKnownFileType = sourcecode.c.objc; path = "Department+CoreDataClass.m"; sourceTree = "<group>"; };
		7EF78F4A1DED84760051F452 /* Department+CoreDataProperties.h */ = {isa = PBXFileReference; fileEncoding = 4; lastKnownFileType = sourcecode.c.h; path = "Department+CoreDataProperties.h"; sourceTree = "<group>"; };
		7EF78F4B1DED84760051F452 /* Department+CoreDataProperties.m */ = {isa = PBXFileReference; fileEncoding = 4; lastKnownFileType = sourcecode.c.objc; path = "Department+CoreDataProperties.m"; sourceTree = "<group>"; };
		7EF7C1E41D261A69004CFA7D /* RACTestVC.h */ = {isa = PBXFileReference; fileEncoding = 4; lastKnownFileType = sourcecode.c.h; path = RACTestVC.h; sourceTree = "<group>"; };
		7EF7C1E51D261A69004CFA7D /* RACTestVC.m */ = {isa = PBXFileReference; fileEncoding = 4; lastKnownFileType = sourcecode.c.objc; path = RACTestVC.m; sourceTree = "<group>"; };
		7EF7C1E71D261C70004CFA7D /* RACSignalTestVC.h */ = {isa = PBXFileReference; fileEncoding = 4; lastKnownFileType = sourcecode.c.h; path = RACSignalTestVC.h; sourceTree = "<group>"; };
		7EF7C1E81D261C70004CFA7D /* RACSignalTestVC.m */ = {isa = PBXFileReference; fileEncoding = 4; lastKnownFileType = sourcecode.c.objc; path = RACSignalTestVC.m; sourceTree = "<group>"; };
		7EF7C1EA1D264BE2004CFA7D /* RACSubjectTestVC.h */ = {isa = PBXFileReference; fileEncoding = 4; lastKnownFileType = sourcecode.c.h; path = RACSubjectTestVC.h; sourceTree = "<group>"; };
		7EF7C1EB1D264BE2004CFA7D /* RACSubjectTestVC.m */ = {isa = PBXFileReference; fileEncoding = 4; lastKnownFileType = sourcecode.c.objc; path = RACSubjectTestVC.m; sourceTree = "<group>"; };
		7EF7C1F21D266052004CFA7D /* RACSubjectReplaceDelegateVC.h */ = {isa = PBXFileReference; fileEncoding = 4; lastKnownFileType = sourcecode.c.h; path = RACSubjectReplaceDelegateVC.h; sourceTree = "<group>"; };
		7EF7C1F41D266052004CFA7D /* RACSubjectReplaceDelegateVC.xib */ = {isa = PBXFileReference; fileEncoding = 4; lastKnownFileType = file.xib; path = RACSubjectReplaceDelegateVC.xib; sourceTree = "<group>"; };
		7EF7C1F71D2660B8004CFA7D /* RACRedView.h */ = {isa = PBXFileReference; fileEncoding = 4; lastKnownFileType = sourcecode.c.h; path = RACRedView.h; sourceTree = "<group>"; };
		7EF7C1F81D2660B8004CFA7D /* RACRedView.m */ = {isa = PBXFileReference; fileEncoding = 4; lastKnownFileType = sourcecode.c.objc; path = RACRedView.m; sourceTree = "<group>"; };
		7EF7C1FA1D2669CB004CFA7D /* RACTupleTestVC.h */ = {isa = PBXFileReference; fileEncoding = 4; lastKnownFileType = sourcecode.c.h; path = RACTupleTestVC.h; sourceTree = "<group>"; };
		7EF7C1FB1D2669CB004CFA7D /* RACTupleTestVC.m */ = {isa = PBXFileReference; fileEncoding = 4; lastKnownFileType = sourcecode.c.objc; path = RACTupleTestVC.m; sourceTree = "<group>"; };
		7EF7C1FD1D266E98004CFA7D /* RACFlag.h */ = {isa = PBXFileReference; fileEncoding = 4; lastKnownFileType = sourcecode.c.h; path = RACFlag.h; sourceTree = "<group>"; };
		7EF7C1FE1D266E98004CFA7D /* RACFlag.m */ = {isa = PBXFileReference; fileEncoding = 4; lastKnownFileType = sourcecode.c.objc; path = RACFlag.m; sourceTree = "<group>"; };
		7EF7C2001D2A4431004CFA7D /* RACLiftSelectorTestVC.h */ = {isa = PBXFileReference; fileEncoding = 4; lastKnownFileType = sourcecode.c.h; path = RACLiftSelectorTestVC.h; sourceTree = "<group>"; };
		7EF7C2011D2A4431004CFA7D /* RACLiftSelectorTestVC.m */ = {isa = PBXFileReference; fileEncoding = 4; lastKnownFileType = sourcecode.c.objc; path = RACLiftSelectorTestVC.m; sourceTree = "<group>"; };
		7EF7C2061D2A48B1004CFA7D /* RACMacroTestVC.h */ = {isa = PBXFileReference; fileEncoding = 4; lastKnownFileType = sourcecode.c.h; path = RACMacroTestVC.h; sourceTree = "<group>"; };
		7EF7C2071D2A48B1004CFA7D /* RACMacroTestVC.m */ = {isa = PBXFileReference; fileEncoding = 4; lastKnownFileType = sourcecode.c.objc; path = RACMacroTestVC.m; sourceTree = "<group>"; };
		7EF7C2081D2A48B1004CFA7D /* RACMacroTestVC.xib */ = {isa = PBXFileReference; fileEncoding = 4; lastKnownFileType = file.xib; path = RACMacroTestVC.xib; sourceTree = "<group>"; };
		7EF7C20B1D2A4BFF004CFA7D /* RACModalVC.h */ = {isa = PBXFileReference; fileEncoding = 4; lastKnownFileType = sourcecode.c.h; path = RACModalVC.h; sourceTree = "<group>"; };
		7EF7C20C1D2A4BFF004CFA7D /* RACModalVC.m */ = {isa = PBXFileReference; fileEncoding = 4; lastKnownFileType = sourcecode.c.objc; path = RACModalVC.m; sourceTree = "<group>"; };
		7EF7C20D1D2A4BFF004CFA7D /* RACModalVC.xib */ = {isa = PBXFileReference; fileEncoding = 4; lastKnownFileType = file.xib; path = RACModalVC.xib; sourceTree = "<group>"; };
		7EF7C2101D2A5BB0004CFA7D /* RACMulticastConnectionTestVC.h */ = {isa = PBXFileReference; fileEncoding = 4; lastKnownFileType = sourcecode.c.h; path = RACMulticastConnectionTestVC.h; sourceTree = "<group>"; };
		7EF7C2111D2A5BB0004CFA7D /* RACMulticastConnectionTestVC.m */ = {isa = PBXFileReference; fileEncoding = 4; lastKnownFileType = sourcecode.c.objc; path = RACMulticastConnectionTestVC.m; sourceTree = "<group>"; };
		7EF7C2131D2A664E004CFA7D /* RACCommandTestVC.h */ = {isa = PBXFileReference; fileEncoding = 4; lastKnownFileType = sourcecode.c.h; path = RACCommandTestVC.h; sourceTree = "<group>"; };
		7EF7C2141D2A664E004CFA7D /* RACCommandTestVC.m */ = {isa = PBXFileReference; fileEncoding = 4; lastKnownFileType = sourcecode.c.objc; path = RACCommandTestVC.m; sourceTree = "<group>"; };
		7EF7C2161D2B624C004CFA7D /* RACBindTestVC.h */ = {isa = PBXFileReference; fileEncoding = 4; lastKnownFileType = sourcecode.c.h; path = RACBindTestVC.h; sourceTree = "<group>"; };
		7EF7C2171D2B624C004CFA7D /* RACBindTestVC.m */ = {isa = PBXFileReference; fileEncoding = 4; lastKnownFileType = sourcecode.c.objc; path = RACBindTestVC.m; sourceTree = "<group>"; };
		7EF7C21A1D2CDC2B004CFA7D /* RACMapTestVC.h */ = {isa = PBXFileReference; fileEncoding = 4; lastKnownFileType = sourcecode.c.h; path = RACMapTestVC.h; sourceTree = "<group>"; };
		7EF7C21B1D2CDC2B004CFA7D /* RACMapTestVC.m */ = {isa = PBXFileReference; fileEncoding = 4; lastKnownFileType = sourcecode.c.objc; path = RACMapTestVC.m; sourceTree = "<group>"; };
		7EFA03AD1CC71CE300B80B9B /* iOSNote.app */ = {isa = PBXFileReference; explicitFileType = wrapper.application; includeInIndex = 0; path = iOSNote.app; sourceTree = BUILT_PRODUCTS_DIR; };
		7EFA03B11CC71CE300B80B9B /* main.m */ = {isa = PBXFileReference; lastKnownFileType = sourcecode.c.objc; path = main.m; sourceTree = "<group>"; };
		7EFA03B31CC71CE300B80B9B /* AppDelegate.h */ = {isa = PBXFileReference; lastKnownFileType = sourcecode.c.h; path = AppDelegate.h; sourceTree = "<group>"; };
		7EFA03B41CC71CE300B80B9B /* AppDelegate.m */ = {isa = PBXFileReference; lastKnownFileType = sourcecode.c.objc; path = AppDelegate.m; sourceTree = "<group>"; };
		7EFA03BC1CC71CE300B80B9B /* Assets.xcassets */ = {isa = PBXFileReference; lastKnownFileType = folder.assetcatalog; path = Assets.xcassets; sourceTree = "<group>"; };
		7EFA03C11CC71CE300B80B9B /* Info.plist */ = {isa = PBXFileReference; lastKnownFileType = text.plist.xml; path = Info.plist; sourceTree = "<group>"; };
		FDEB0E8D2E53652F994F76AD /* Pods-iOSNote.release.xcconfig */ = {isa = PBXFileReference; includeInIndex = 1; lastKnownFileType = text.xcconfig; name = "Pods-iOSNote.release.xcconfig"; path = "Pods/Target Support Files/Pods-iOSNote/Pods-iOSNote.release.xcconfig"; sourceTree = "<group>"; };
/* End PBXFileReference section */

/* Begin PBXFrameworksBuildPhase section */
		7EFA03AA1CC71CE300B80B9B /* Frameworks */ = {
			isa = PBXFrameworksBuildPhase;
			buildActionMask = 2147483647;
			files = (
				07A543F9F1471877643D3BB3 /* libPods-iOSNote.a in Frameworks */,
			);
			runOnlyForDeploymentPostprocessing = 0;
		};
/* End PBXFrameworksBuildPhase section */

/* Begin PBXGroup section */
		7E063D011CC7290700D17E76 /* Categories */ = {
			isa = PBXGroup;
			children = (
			);
			path = Categories;
			sourceTree = "<group>";
		};
		7E063D021CC7290700D17E76 /* Controllers */ = {
			isa = PBXGroup;
			children = (
				7EC3CC281CC8C92F00952B4D /* TestViewController.h */,
				7EC3CC291CC8C92F00952B4D /* TestViewController.m */,
				7EC3CC2B1CC9FE4100952B4D /* AutolayoutTestViewController.h */,
				7EC3CC2C1CC9FE4100952B4D /* AutolayoutTestViewController.m */,
				7EC3CC2E1CCA378A00952B4D /* XibTestViewController.h */,
				7EC3CC2F1CCA378A00952B4D /* XibTestViewController.m */,
				7EC3CC301CCA378A00952B4D /* XibTestViewController.xib */,
				7EC3CC331CCA570000952B4D /* FirstTableViewCell.h */,
				7EC3CC341CCA570000952B4D /* FirstTableViewCell.m */,
				7EC3CC351CCA570000952B4D /* FirstTableViewCell.xib */,
				7EC3CC381CCA571D00952B4D /* FirstTableViewController.h */,
				7EC3CC391CCA571D00952B4D /* FirstTableViewController.m */,
				7EC3CC3A1CCA571D00952B4D /* FirstTableViewController.xib */,
				7E17C7DF1CCB8F9F00DBF8D7 /* RuntimeTestViewController.h */,
				7E17C7E01CCB8F9F00DBF8D7 /* RuntimeTestViewController.m */,
				7ED343AA1DD2FB8C00732496 /* NSURLSessionTestViewController.h */,
				7ED343AB1DD2FB8C00732496 /* NSURLSessionTestViewController.m */,
			);
			path = Controllers;
			sourceTree = "<group>";
		};
		7E063D031CC7290700D17E76 /* Model */ = {
			isa = PBXGroup;
			children = (
			);
			path = Model;
			sourceTree = "<group>";
		};
		7E063D041CC7290700D17E76 /* Resources */ = {
			isa = PBXGroup;
			children = (
				7ED2658C1CEC21C100173BE3 /* ImagePicker */,
				7EC3CC3D1CCA596D00952B4D /* star_orange_tiny@2x.png */,
				7EC3CC3E1CCA596D00952B4D /* star_orange_tiny@3x.png */,
			);
			path = Resources;
			sourceTree = "<group>";
		};
		7E063D051CC7290700D17E76 /* Views */ = {
			isa = PBXGroup;
			children = (
			);
			path = Views;
			sourceTree = "<group>";
		};
		7E0C01D91DA8D2A0004ECFA6 /* SwiftDemo */ = {
			isa = PBXGroup;
			children = (
				7E0C01DB1DA8D2B1004ECFA6 /* SwiftVC.swift */,
			);
			path = SwiftDemo;
			sourceTree = "<group>";
		};
		7E427F7F1CEB4AAE0031EA69 /* ImagePicker */ = {
			isa = PBXGroup;
			children = (
				7E427F801CEB4ADD0031EA69 /* EditImageVC.h */,
				7E427F811CEB4ADD0031EA69 /* EditImageVC.m */,
				7E427F831CEB51D10031EA69 /* ImagePickerVC.h */,
				7E427F841CEB51D10031EA69 /* ImagePickerVC.m */,
				7E427F861CEB51DF0031EA69 /* AlbumPickerVC.h */,
				7E427F871CEB51DF0031EA69 /* AlbumPickerVC.m */,
				7ED265A01CEC819500173BE3 /* ImageBrowserVC.h */,
				7ED265A11CEC819500173BE3 /* ImageBrowserVC.m */,
				7ED265891CEB655900173BE3 /* ImagePickerCell.h */,
				7ED2658A1CEB655900173BE3 /* ImagePickerCell.m */,
				7ED265D61CECAEF300173BE3 /* ImagePickerEditCell.h */,
				7ED265D71CECAEF300173BE3 /* ImagePickerEditCell.m */,
				7ED265991CEC484800173BE3 /* ImagePickerUploadButton.h */,
				7ED2659A1CEC484800173BE3 /* ImagePickerUploadButton.m */,
				7EB814271CED5C1E0007F261 /* UploadPhotoContext.h */,
				7EB814281CED5C1E0007F261 /* UploadPhotoContext.m */,
				7EED63591CF42DC000B426D3 /* UploadAssetManagedObject.h */,
				7EED635A1CF42DC000B426D3 /* UploadAssetManagedObject.m */,
				7EED635C1CF442E900B426D3 /* UploadPhotoModel.h */,
				7EED635D1CF442E900B426D3 /* UploadPhotoModel.m */,
			);
			path = ImagePicker;
			sourceTree = "<group>";
		};
		7E616AF81DEECA9E00845057 /* PureLayoutDemo */ = {
			isa = PBXGroup;
			children = (
				7E616AF91DEECAAA00845057 /* PureLayoutDemo.storyboard */,
				7E616AFB1DEECB0800845057 /* PureLayoutDemoVC.h */,
				7E616AFC1DEECB0800845057 /* PureLayoutDemoVC.m */,
			);
			path = PureLayoutDemo;
			sourceTree = "<group>";
		};
		7E725EB21D3E143F00662692 /* GCDExample */ = {
			isa = PBXGroup;
			children = (
				7E725EB61D3E153100662692 /* GCDTestVC.h */,
				7E725EB71D3E153100662692 /* GCDTestVC.m */,
				7E725EB81D3E153100662692 /* GCDTestVC.xib */,
			);
			path = GCDExample;
			sourceTree = "<group>";
		};
		7E743A831DED6BDE0044CA2F /* CoreDataDemo */ = {
			isa = PBXGroup;
			children = (
				7EF78F441DED84760051F452 /* Employee+CoreDataClass.h */,
				7EF78F451DED84760051F452 /* Employee+CoreDataClass.m */,
				7EF78F461DED84760051F452 /* Employee+CoreDataProperties.h */,
				7EF78F471DED84760051F452 /* Employee+CoreDataProperties.m */,
				7EF78F481DED84760051F452 /* Department+CoreDataClass.h */,
				7EF78F491DED84760051F452 /* Department+CoreDataClass.m */,
				7EF78F4A1DED84760051F452 /* Department+CoreDataProperties.h */,
				7EF78F4B1DED84760051F452 /* Department+CoreDataProperties.m */,
				7E743A841DED6BF00044CA2F /* CoreDataDemo.storyboard */,
				7E743A861DED6C490044CA2F /* CoreDataDemoVC.h */,
				7E743A871DED6C490044CA2F /* CoreDataDemoVC.m */,
			);
			path = CoreDataDemo;
			sourceTree = "<group>";
		};
		7E86F7A81DD8AB4E00B4A5FB /* DrawerDemo */ = {
			isa = PBXGroup;
			children = (
				7E86F7AC1DD8ABC500B4A5FB /* DragerViewController.h */,
				7E86F7AD1DD8ABC500B4A5FB /* DragerViewController.m */,
				7E37B5FE1DD8AD4C000EC894 /* DragerDemo.storyboard */,
			);
			path = DrawerDemo;
			sourceTree = "<group>";
		};
		7EA093BE1CE57C4A004EE471 /* Demo */ = {
			isa = PBXGroup;
			children = (
				7EF292FC1DEFEC4800FE055C /* CellHeightDemo */,
				7EF2B02F1DEF2BF600600054 /* BlocksKitDemo */,
				7E616AF81DEECA9E00845057 /* PureLayoutDemo */,
				7E743A831DED6BDE0044CA2F /* CoreDataDemo */,
				7ECEBAAF1DE599FD00E0A99B /* BlockDemo */,
				7E86F7A81DD8AB4E00B4A5FB /* DrawerDemo */,
				7E0C01D91DA8D2A0004ECFA6 /* SwiftDemo */,
				7EBDA3DE1D4390CF00C149F7 /* RACBookSearch */,
				7E725EB21D3E143F00662692 /* GCDExample */,
				7EF7C1E31D261A0D004CFA7D /* RACExample */,
				7E427F7F1CEB4AAE0031EA69 /* ImagePicker */,
				7EA093BF1CE57C4A004EE471 /* ControllerTransition */,
			);
			path = Demo;
			sourceTree = "<group>";
		};
		7EA093BF1CE57C4A004EE471 /* ControllerTransition */ = {
			isa = PBXGroup;
			children = (
				7EA093C41CE57D69004EE471 /* Source */,
				7EA093C01CE57C68004EE471 /* TransitionDemoVC.h */,
				7EA093C11CE57C68004EE471 /* TransitionDemoVC.m */,
				7EA093CF1CE58216004EE471 /* TransitionDemoSecVC.h */,
				7EA093D01CE58216004EE471 /* TransitionDemoSecVC.m */,
				7EA093D21CE58285004EE471 /* TransitionDemo.storyboard */,
				7EA093D41CE5B1E2004EE471 /* TDDemoCell.h */,
				7EA093D51CE5B1E2004EE471 /* TDDemoCell.m */,
				7EA093D71CE5BDE8004EE471 /* TDModel.h */,
				7EA093D81CE5BDE8004EE471 /* TDModel.m */,
				7EA093DA1CE5C850004EE471 /* TDTransitionFromFirToSec.h */,
				7EA093DB1CE5C850004EE471 /* TDTransitionFromFirToSec.m */,
				7EA093DD1CE5CB07004EE471 /* TDTransitionFromSecToFir.h */,
				7EA093DE1CE5CB07004EE471 /* TDTransitionFromSecToFir.m */,
			);
			path = ControllerTransition;
			sourceTree = "<group>";
		};
		7EA093C41CE57D69004EE471 /* Source */ = {
			isa = PBXGroup;
			children = (
				7EA093C51CE57D69004EE471 /* thing01.jpg */,
				7EA093C61CE57D69004EE471 /* thing02.jpg */,
				7EA093C71CE57D69004EE471 /* thing03.jpg */,
				7EA093C81CE57D69004EE471 /* thing04.jpg */,
				7EA093C91CE57D69004EE471 /* thing05.jpg */,
			);
			path = Source;
			sourceTree = "<group>";
		};
		7EBDA3DE1D4390CF00C149F7 /* RACBookSearch */ = {
			isa = PBXGroup;
			children = (
				7EBDA3E11D43929300C149F7 /* RACBookSearchVC.h */,
				7EBDA3E21D43929300C149F7 /* RACBookSearchVC.m */,
				7EBDA3E31D43929300C149F7 /* RACBookSearchVC.xib */,
				7EBDA3EC1D43B26B00C149F7 /* RACBookListVC.h */,
				7EBDA3ED1D43B26B00C149F7 /* RACBookListVC.m */,
				7EBDA3E61D43964000C149F7 /* RACBookSearchVM.h */,
				7EBDA3E71D43964000C149F7 /* RACBookSearchVM.m */,
				7EBDA3E91D43AA2400C149F7 /* RACBookEntity.h */,
				7EBDA3EA1D43AA2400C149F7 /* RACBookEntity.m */,
			);
			path = RACBookSearch;
			sourceTree = "<group>";
		};
		7ECEBAAF1DE599FD00E0A99B /* BlockDemo */ = {
			isa = PBXGroup;
			children = (
				7ECEBAB01DE59A1400E0A99B /* BlockDemo.storyboard */,
				7ECEBAB41DE59BE100E0A99B /* BlockDemoVC.h */,
				7ECEBAB51DE59BE100E0A99B /* BlockDemoVC.m */,
				7ECEBAB71DE5DFF000E0A99B /* BDCalculatorManager.h */,
				7ECEBAB81DE5DFF000E0A99B /* BDCalculatorManager.m */,
			);
			path = BlockDemo;
			sourceTree = "<group>";
		};
		7ED2658C1CEC21C100173BE3 /* ImagePicker */ = {
			isa = PBXGroup;
			children = (
				7EF293101DEFFC9400FE055C /* 123.png */,
				7ED2658D1CEC21C100173BE3 /* dots@2x.png */,
				7ED2658E1CEC21C100173BE3 /* dots@3x.png */,
				7ED2658F1CEC21C100173BE3 /* selecte@2x.png */,
				7ED265901CEC21C100173BE3 /* selecte@3x.png */,
				7ED265911CEC21C100173BE3 /* selected@2x.png */,
				7ED265921CEC21C100173BE3 /* selected@3x.png */,
			);
			path = ImagePicker;
			sourceTree = "<group>";
		};
		7ED265A31CEC93E100173BE3 /* Library */ = {
			isa = PBXGroup;
			children = (
				7ED265CF1CEC953400173BE3 /* DACircularProgress */,
				7ED265A41CEC93E100173BE3 /* MWPhotoBrowser */,
			);
			path = Library;
			sourceTree = "<group>";
		};
		7ED265A41CEC93E100173BE3 /* MWPhotoBrowser */ = {
			isa = PBXGroup;
			children = (
				7ED265A51CEC93E100173BE3 /* MWCaptionView.h */,
				7ED265A61CEC93E100173BE3 /* MWCaptionView.m */,
				7ED265A71CEC93E100173BE3 /* MWCommon.h */,
				7ED265A81CEC93E100173BE3 /* MWGridCell.h */,
				7ED265A91CEC93E100173BE3 /* MWGridCell.m */,
				7ED265AA1CEC93E100173BE3 /* MWGridViewController.h */,
				7ED265AB1CEC93E100173BE3 /* MWGridViewController.m */,
				7ED265AC1CEC93E100173BE3 /* MWPhoto.h */,
				7ED265AD1CEC93E100173BE3 /* MWPhoto.m */,
				7ED265AE1CEC93E100173BE3 /* MWPhotoBrowser.h */,
				7ED265AF1CEC93E100173BE3 /* MWPhotoBrowser.m */,
				7ED265B01CEC93E100173BE3 /* MWPhotoBrowserPrivate.h */,
				7ED265B11CEC93E100173BE3 /* MWPhotoProtocol.h */,
				7ED265B21CEC93E100173BE3 /* MWTapDetectingImageView.h */,
				7ED265B31CEC93E100173BE3 /* MWTapDetectingImageView.m */,
				7ED265B41CEC93E100173BE3 /* MWTapDetectingView.h */,
				7ED265B51CEC93E100173BE3 /* MWTapDetectingView.m */,
				7ED265B61CEC93E100173BE3 /* MWZoomingScrollView.h */,
				7ED265B71CEC93E100173BE3 /* MWZoomingScrollView.m */,
				7ED265B81CEC93E100173BE3 /* UIImage+MWPhotoBrowser.h */,
				7ED265B91CEC93E100173BE3 /* UIImage+MWPhotoBrowser.m */,
			);
			path = MWPhotoBrowser;
			sourceTree = "<group>";
		};
		7ED265CF1CEC953400173BE3 /* DACircularProgress */ = {
			isa = PBXGroup;
			children = (
				7ED265D01CEC953400173BE3 /* DACircularProgressView.h */,
				7ED265D11CEC953400173BE3 /* DACircularProgressView.m */,
				7ED265D21CEC953400173BE3 /* DALabeledCircularProgressView.h */,
				7ED265D31CEC953400173BE3 /* DALabeledCircularProgressView.m */,
			);
			path = DACircularProgress;
			sourceTree = "<group>";
		};
		7EED63551CF42AF100B426D3 /* Utils */ = {
			isa = PBXGroup;
			children = (
				7EED63561CF42B1100B426D3 /* UploadAssetDBHelper.h */,
				7EED63571CF42B1100B426D3 /* UploadAssetDBHelper.m */,
			);
			path = Utils;
			sourceTree = "<group>";
		};
		7EF292FC1DEFEC4800FE055C /* CellHeightDemo */ = {
			isa = PBXGroup;
			children = (
				7EF292FD1DEFEC5200FE055C /* CellHeightDemo.storyboard */,
				7EF292FF1DEFEC8E00FE055C /* CellHeightDemoVC.h */,
				7EF293001DEFEC8E00FE055C /* CellHeightDemoVC.m */,
				7EF293021DEFECC200FE055C /* HeightDemoCell_1.h */,
				7EF293031DEFECC200FE055C /* HeightDemoCell_1.m */,
				7EF293041DEFECC200FE055C /* HeightDemoCell_1.xib */,
				7EF293121DEFFD1500FE055C /* HeightDemoStackViewCell.h */,
				7EF293131DEFFD1500FE055C /* HeightDemoStackViewCell.m */,
				7EF293141DEFFD1500FE055C /* HeightDemoStackViewCell.xib */,
			);
			path = CellHeightDemo;
			sourceTree = "<group>";
		};
		7EF2B02F1DEF2BF600600054 /* BlocksKitDemo */ = {
			isa = PBXGroup;
			children = (
				7EF2B0301DEF2C0200600054 /* BlocksKitDemo.storyboard */,
				7EF2B0321DEF2C1700600054 /* BlocksKitDemo.h */,
				7EF2B0331DEF2C1700600054 /* BlocksKitDemo.m */,
			);
			path = BlocksKitDemo;
			sourceTree = "<group>";
		};
		7EF7C1E31D261A0D004CFA7D /* RACExample */ = {
			isa = PBXGroup;
			children = (
				7EF7C2191D2CB86D004CFA7D /* custom */,
				7EF7C1E41D261A69004CFA7D /* RACTestVC.h */,
				7EF7C1E51D261A69004CFA7D /* RACTestVC.m */,
				7EF7C1E71D261C70004CFA7D /* RACSignalTestVC.h */,
				7EF7C1E81D261C70004CFA7D /* RACSignalTestVC.m */,
				7EF7C1EA1D264BE2004CFA7D /* RACSubjectTestVC.h */,
				7EF7C1EB1D264BE2004CFA7D /* RACSubjectTestVC.m */,
				7EF7C1F21D266052004CFA7D /* RACSubjectReplaceDelegateVC.h */,
				7E8789C31D42794A00200F42 /* RACSubjectReplaceDelegateVC.m */,
				7EF7C1F41D266052004CFA7D /* RACSubjectReplaceDelegateVC.xib */,
				7EF7C1FA1D2669CB004CFA7D /* RACTupleTestVC.h */,
				7EF7C1FB1D2669CB004CFA7D /* RACTupleTestVC.m */,
				7EF7C2001D2A4431004CFA7D /* RACLiftSelectorTestVC.h */,
				7EF7C2011D2A4431004CFA7D /* RACLiftSelectorTestVC.m */,
				7EF7C2061D2A48B1004CFA7D /* RACMacroTestVC.h */,
				7EF7C2071D2A48B1004CFA7D /* RACMacroTestVC.m */,
				7EF7C2081D2A48B1004CFA7D /* RACMacroTestVC.xib */,
				7EF7C2101D2A5BB0004CFA7D /* RACMulticastConnectionTestVC.h */,
				7EF7C2111D2A5BB0004CFA7D /* RACMulticastConnectionTestVC.m */,
				7EF7C2131D2A664E004CFA7D /* RACCommandTestVC.h */,
				7EF7C2141D2A664E004CFA7D /* RACCommandTestVC.m */,
				7EF7C2161D2B624C004CFA7D /* RACBindTestVC.h */,
				7EF7C2171D2B624C004CFA7D /* RACBindTestVC.m */,
				7EF7C21A1D2CDC2B004CFA7D /* RACMapTestVC.h */,
				7EF7C21B1D2CDC2B004CFA7D /* RACMapTestVC.m */,
				7E3E3FAF1D2CE8A40085DCA0 /* RACConcatTestVC.h */,
				7E3E3FB01D2CE8A40085DCA0 /* RACConcatTestVC.m */,
				7E3E3FB21D2D03680085DCA0 /* RACFilterTestVC.h */,
				7E3E3FB31D2D03680085DCA0 /* RACFilterTestVC.m */,
				7E3E3FB51D2E3E810085DCA0 /* RACMVVMLoginVC.h */,
				7E3E3FB61D2E3E810085DCA0 /* RACMVVMLoginVC.m */,
				7E3E3FB71D2E3E810085DCA0 /* RACMVVMLoginVC.xib */,
				7E3E3FC01D2F54C90085DCA0 /* RACMVVMRequestVC.h */,
				7E3E3FC11D2F54C90085DCA0 /* RACMVVMRequestVC.m */,
				7E3E3FC21D2F54C90085DCA0 /* RACMVVMRequestVC.xib */,
				7ECEBABA1DE726B200E0A99B /* RACDemo.storyboard */,
				7ECEBABF1DE7278B00E0A99B /* RACDemoVC.h */,
				7ECEBAC01DE7278B00E0A99B /* RACDemoVC.m */,
				7ECEBAC21DE7362F00E0A99B /* RACAdvancedVC.h */,
				7ECEBAC31DE7362F00E0A99B /* RACAdvancedVC.m */,
				7E743A7C1DED62A60044CA2F /* RACBaseVC.h */,
				7E743A7D1DED62A60044CA2F /* RACBaseVC.m */,
			);
			path = RACExample;
			sourceTree = "<group>";
		};
		7EF7C2191D2CB86D004CFA7D /* custom */ = {
			isa = PBXGroup;
			children = (
				7EF7C1F71D2660B8004CFA7D /* RACRedView.h */,
				7EF7C1F81D2660B8004CFA7D /* RACRedView.m */,
				7EF7C1FD1D266E98004CFA7D /* RACFlag.h */,
				7EF7C1FE1D266E98004CFA7D /* RACFlag.m */,
				7EF7C20B1D2A4BFF004CFA7D /* RACModalVC.h */,
				7EF7C20C1D2A4BFF004CFA7D /* RACModalVC.m */,
				7EF7C20D1D2A4BFF004CFA7D /* RACModalVC.xib */,
				7E3E3FBA1D2E52900085DCA0 /* LoginViewModel.h */,
				7E3E3FBB1D2E52900085DCA0 /* LoginViewModel.m */,
				7E3E3FC51D2F59350085DCA0 /* RequestViewModel.h */,
				7E3E3FC61D2F59350085DCA0 /* RequestViewModel.m */,
				7EDAFA931D4B8ED300D7D288 /* RACPlaygourndVC.h */,
				7EDAFA941D4B8ED300D7D288 /* RACPlaygourndVC.m */,
				7EDAFA951D4B8ED300D7D288 /* RACPlaygourndVC.xib */,
				7ECF68D71D9A110C00EC1B99 /* RACTestViewController.h */,
				7ECF68D81D9A110C00EC1B99 /* RACTestViewController.m */,
				7ECF68D91D9A110C00EC1B99 /* RACTestViewController.xib */,
			);
			name = custom;
			sourceTree = "<group>";
		};
		7EFA03A41CC71CE300B80B9B = {
			isa = PBXGroup;
			children = (
				7EFA03AF1CC71CE300B80B9B /* iOSNote */,
				7EFA03AE1CC71CE300B80B9B /* Products */,
				98A5230A513371B7327613AB /* Frameworks */,
				E593D6894D951F1A3F47C7CD /* Pods */,
			);
			sourceTree = "<group>";
		};
		7EFA03AE1CC71CE300B80B9B /* Products */ = {
			isa = PBXGroup;
			children = (
				7EFA03AD1CC71CE300B80B9B /* iOSNote.app */,
			);
			name = Products;
			sourceTree = "<group>";
		};
		7EFA03AF1CC71CE300B80B9B /* iOSNote */ = {
			isa = PBXGroup;
			children = (
				7EED63551CF42AF100B426D3 /* Utils */,
				7ED265A31CEC93E100173BE3 /* Library */,
				7EA093BE1CE57C4A004EE471 /* Demo */,
				7E063D011CC7290700D17E76 /* Categories */,
				7E063D021CC7290700D17E76 /* Controllers */,
				7E063D031CC7290700D17E76 /* Model */,
				7E063D041CC7290700D17E76 /* Resources */,
				7E063D051CC7290700D17E76 /* Views */,
				7EFA03B31CC71CE300B80B9B /* AppDelegate.h */,
				7EFA03B41CC71CE300B80B9B /* AppDelegate.m */,
				7EFA03BC1CC71CE300B80B9B /* Assets.xcassets */,
				7EFA03C11CC71CE300B80B9B /* Info.plist */,
				7EFA03B01CC71CE300B80B9B /* Supporting Files */,
				7EB814521CED633D0007F261 /* iOSNote.xcdatamodeld */,
				7E0C01D81DA8D254004ECFA6 /* SwiftPlayground.playground */,
			);
			path = iOSNote;
			sourceTree = "<group>";
		};
		7EFA03B01CC71CE300B80B9B /* Supporting Files */ = {
			isa = PBXGroup;
			children = (
				7E0C01DD1DA8D498004ECFA6 /* iOSNote-Bridging-Header.h */,
				7EFA03B11CC71CE300B80B9B /* main.m */,
				7ED2659C1CEC4AFD00173BE3 /* iOSNote-prefix.pch */,
			);
			name = "Supporting Files";
			sourceTree = "<group>";
		};
		98A5230A513371B7327613AB /* Frameworks */ = {
			isa = PBXGroup;
			children = (
				7EB8142A1CED62E40007F261 /* CoreData.framework */,
				1C592ADEC3AC9307FDC35BBA /* libPods-iOSNote.a */,
			);
			name = Frameworks;
			sourceTree = "<group>";
		};
		E593D6894D951F1A3F47C7CD /* Pods */ = {
			isa = PBXGroup;
			children = (
				52E0558754EEE39A62FE486F /* Pods-iOSNote.debug.xcconfig */,
				FDEB0E8D2E53652F994F76AD /* Pods-iOSNote.release.xcconfig */,
			);
			name = Pods;
			sourceTree = "<group>";
		};
/* End PBXGroup section */

/* Begin PBXNativeTarget section */
		7EFA03AC1CC71CE300B80B9B /* iOSNote */ = {
			isa = PBXNativeTarget;
			buildConfigurationList = 7EFA03C41CC71CE300B80B9B /* Build configuration list for PBXNativeTarget "iOSNote" */;
			buildPhases = (
				FF5D4F317DCADF3270BD5E61 /* [CP] Check Pods Manifest.lock */,
				7EFA03A91CC71CE300B80B9B /* Sources */,
				7EFA03AA1CC71CE300B80B9B /* Frameworks */,
				7EFA03AB1CC71CE300B80B9B /* Resources */,
				28C6202521D8BBE7E91EF0DD /* [CP] Embed Pods Frameworks */,
				C3A326E7E6E7E21411728992 /* [CP] Copy Pods Resources */,
			);
			buildRules = (
			);
			dependencies = (
			);
			name = iOSNote;
			productName = iOSNote;
			productReference = 7EFA03AD1CC71CE300B80B9B /* iOSNote.app */;
			productType = "com.apple.product-type.application";
		};
/* End PBXNativeTarget section */

/* Begin PBXProject section */
		7EFA03A51CC71CE300B80B9B /* Project object */ = {
			isa = PBXProject;
			attributes = {
				LastSwiftUpdateCheck = 0730;
				LastUpgradeCheck = 0720;
				ORGANIZATIONNAME = yozoe;
				TargetAttributes = {
					7EFA03AC1CC71CE300B80B9B = {
						CreatedOnToolsVersion = 7.2.1;
						DevelopmentTeam = ZQ62845Q4D;
						LastSwiftMigration = 0800;
					};
				};
			};
			buildConfigurationList = 7EFA03A81CC71CE300B80B9B /* Build configuration list for PBXProject "iOSNote" */;
			compatibilityVersion = "Xcode 3.2";
			developmentRegion = English;
			hasScannedForEncodings = 0;
			knownRegions = (
				en,
				Base,
			);
			mainGroup = 7EFA03A41CC71CE300B80B9B;
			productRefGroup = 7EFA03AE1CC71CE300B80B9B /* Products */;
			projectDirPath = "";
			projectRoot = "";
			targets = (
				7EFA03AC1CC71CE300B80B9B /* iOSNote */,
			);
		};
/* End PBXProject section */

/* Begin PBXResourcesBuildPhase section */
		7EFA03AB1CC71CE300B80B9B /* Resources */ = {
			isa = PBXResourcesBuildPhase;
			buildActionMask = 2147483647;
			files = (
				7EF7C20A1D2A48B1004CFA7D /* RACMacroTestVC.xib in Resources */,
				7ED265931CEC21C100173BE3 /* dots@2x.png in Resources */,
				7ED265971CEC21C100173BE3 /* selected@2x.png in Resources */,
				7ECEBAB11DE59A1400E0A99B /* BlockDemo.storyboard in Resources */,
				7ED265961CEC21C100173BE3 /* selecte@3x.png in Resources */,
				7EF7C20F1D2A4BFF004CFA7D /* RACModalVC.xib in Resources */,
				7E725EBA1D3E153100662692 /* GCDTestVC.xib in Resources */,
				7EA093CD1CE57D69004EE471 /* thing04.jpg in Resources */,
				7E743A851DED6BF00044CA2F /* CoreDataDemo.storyboard in Resources */,
				7E3E3FC41D2F54C90085DCA0 /* RACMVVMRequestVC.xib in Resources */,
				7EA093CE1CE57D69004EE471 /* thing05.jpg in Resources */,
				7EF293161DEFFD1500FE055C /* HeightDemoStackViewCell.xib in Resources */,
				7EF2B0311DEF2C0200600054 /* BlocksKitDemo.storyboard in Resources */,
				7EF293111DEFFC9400FE055C /* 123.png in Resources */,
				7E3E3FB91D2E3E810085DCA0 /* RACMVVMLoginVC.xib in Resources */,
				7ED265951CEC21C100173BE3 /* selecte@2x.png in Resources */,
				7ED265981CEC21C100173BE3 /* selected@3x.png in Resources */,
				7ED265941CEC21C100173BE3 /* dots@3x.png in Resources */,
				7E616AFA1DEECAAA00845057 /* PureLayoutDemo.storyboard in Resources */,
				7EA093CA1CE57D69004EE471 /* thing01.jpg in Resources */,
				7EC3CC3C1CCA571D00952B4D /* FirstTableViewController.xib in Resources */,
				7EA093CC1CE57D69004EE471 /* thing03.jpg in Resources */,
				7EF7C1F61D266052004CFA7D /* RACSubjectReplaceDelegateVC.xib in Resources */,
				7EF293061DEFECC200FE055C /* HeightDemoCell_1.xib in Resources */,
				7EDAFA971D4B8ED300D7D288 /* RACPlaygourndVC.xib in Resources */,
				7E37B5FF1DD8AD4C000EC894 /* DragerDemo.storyboard in Resources */,
				7EC3CC401CCA596D00952B4D /* star_orange_tiny@3x.png in Resources */,
				7EF292FE1DEFEC5200FE055C /* CellHeightDemo.storyboard in Resources */,
				7EC3CC321CCA378A00952B4D /* XibTestViewController.xib in Resources */,
				7ECF68DB1D9A110C00EC1B99 /* RACTestViewController.xib in Resources */,
				7EC3CC371CCA570000952B4D /* FirstTableViewCell.xib in Resources */,
				7EA093D31CE58285004EE471 /* TransitionDemo.storyboard in Resources */,
				7EFA03BD1CC71CE300B80B9B /* Assets.xcassets in Resources */,
				7ECEBABB1DE726B200E0A99B /* RACDemo.storyboard in Resources */,
				7EA093CB1CE57D69004EE471 /* thing02.jpg in Resources */,
				7EBDA3E51D43929300C149F7 /* RACBookSearchVC.xib in Resources */,
				7EC3CC3F1CCA596D00952B4D /* star_orange_tiny@2x.png in Resources */,
			);
			runOnlyForDeploymentPostprocessing = 0;
		};
/* End PBXResourcesBuildPhase section */

/* Begin PBXShellScriptBuildPhase section */
		28C6202521D8BBE7E91EF0DD /* [CP] Embed Pods Frameworks */ = {
			isa = PBXShellScriptBuildPhase;
			buildActionMask = 2147483647;
			files = (
			);
			inputPaths = (
			);
			name = "[CP] Embed Pods Frameworks";
			outputPaths = (
			);
			runOnlyForDeploymentPostprocessing = 0;
			shellPath = /bin/sh;
			shellScript = "\"${SRCROOT}/Pods/Target Support Files/Pods-iOSNote/Pods-iOSNote-frameworks.sh\"\n";
			showEnvVarsInLog = 0;
		};
		C3A326E7E6E7E21411728992 /* [CP] Copy Pods Resources */ = {
			isa = PBXShellScriptBuildPhase;
			buildActionMask = 2147483647;
			files = (
			);
			inputPaths = (
			);
			name = "[CP] Copy Pods Resources";
			outputPaths = (
			);
			runOnlyForDeploymentPostprocessing = 0;
			shellPath = /bin/sh;
			shellScript = "\"${SRCROOT}/Pods/Target Support Files/Pods-iOSNote/Pods-iOSNote-resources.sh\"\n";
			showEnvVarsInLog = 0;
		};
		FF5D4F317DCADF3270BD5E61 /* [CP] Check Pods Manifest.lock */ = {
			isa = PBXShellScriptBuildPhase;
			buildActionMask = 2147483647;
			files = (
			);
			inputPaths = (
			);
			name = "[CP] Check Pods Manifest.lock";
			outputPaths = (
			);
			runOnlyForDeploymentPostprocessing = 0;
			shellPath = /bin/sh;
			shellScript = "diff \"${PODS_ROOT}/../Podfile.lock\" \"${PODS_ROOT}/Manifest.lock\" > /dev/null\nif [ $? != 0 ] ; then\n    # print error to STDERR\n    echo \"error: The sandbox is not in sync with the Podfile.lock. Run 'pod install' or update your CocoaPods installation.\" >&2\n    exit 1\nfi\n";
			showEnvVarsInLog = 0;
		};
/* End PBXShellScriptBuildPhase section */

/* Begin PBXSourcesBuildPhase section */
		7EFA03A91CC71CE300B80B9B /* Sources */ = {
			isa = PBXSourcesBuildPhase;
			buildActionMask = 2147483647;
			files = (
				7E743A7E1DED62A60044CA2F /* RACBaseVC.m in Sources */,
				7EA093D11CE58216004EE471 /* TransitionDemoSecVC.m in Sources */,
				7EBDA3EB1D43AA2400C149F7 /* RACBookEntity.m in Sources */,
				7E725EB91D3E153100662692 /* GCDTestVC.m in Sources */,
				7EF78F4F1DED84760051F452 /* Department+CoreDataProperties.m in Sources */,
				7E8789C41D42794A00200F42 /* RACSubjectReplaceDelegateVC.m in Sources */,
				7EBDA3EE1D43B26B00C149F7 /* RACBookListVC.m in Sources */,
				7ED265C11CEC93E200173BE3 /* MWZoomingScrollView.m in Sources */,
				7EED635E1CF442E900B426D3 /* UploadPhotoModel.m in Sources */,
				7EF7C1E61D261A69004CFA7D /* RACTestVC.m in Sources */,
				7EA093DF1CE5CB07004EE471 /* TDTransitionFromSecToFir.m in Sources */,
				7EB814291CED5C1E0007F261 /* UploadPhotoContext.m in Sources */,
				7EF7C2091D2A48B1004CFA7D /* RACMacroTestVC.m in Sources */,
				7EED635B1CF42DC000B426D3 /* UploadAssetManagedObject.m in Sources */,
				7ED265BF1CEC93E200173BE3 /* MWTapDetectingImageView.m in Sources */,
				7EA093D91CE5BDE8004EE471 /* TDModel.m in Sources */,
				7EED63581CF42B1100B426D3 /* UploadAssetDBHelper.m in Sources */,
				7ED265C21CEC93E200173BE3 /* UIImage+MWPhotoBrowser.m in Sources */,
				7EF7C21C1D2CDC2B004CFA7D /* RACMapTestVC.m in Sources */,
				7E3E3FBC1D2E52900085DCA0 /* LoginViewModel.m in Sources */,
				7EB814541CED633D0007F261 /* iOSNote.xcdatamodeld in Sources */,
				7EC3CC3B1CCA571D00952B4D /* FirstTableViewController.m in Sources */,
				7E743A881DED6C490044CA2F /* CoreDataDemoVC.m in Sources */,
				7E616AFD1DEECB0800845057 /* PureLayoutDemoVC.m in Sources */,
				7ED265C01CEC93E200173BE3 /* MWTapDetectingView.m in Sources */,
				7E3E3FC71D2F59350085DCA0 /* RequestViewModel.m in Sources */,
				7EF78F4D1DED84760051F452 /* Employee+CoreDataProperties.m in Sources */,
				7EDAFA961D4B8ED300D7D288 /* RACPlaygourndVC.m in Sources */,
				7E427F851CEB51D10031EA69 /* ImagePickerVC.m in Sources */,
				7E3E3FB41D2D03680085DCA0 /* RACFilterTestVC.m in Sources */,
				7E17C7E11CCB8F9F00DBF8D7 /* RuntimeTestViewController.m in Sources */,
				7ECEBAC41DE7362F00E0A99B /* RACAdvancedVC.m in Sources */,
				7EF78F4C1DED84760051F452 /* Employee+CoreDataClass.m in Sources */,
				7E86F7AF1DD8ABC500B4A5FB /* DragerViewController.m in Sources */,
				7EC3CC311CCA378A00952B4D /* XibTestViewController.m in Sources */,
				7EBDA3E41D43929300C149F7 /* RACBookSearchVC.m in Sources */,
				7EC3CC2A1CC8C92F00952B4D /* TestViewController.m in Sources */,
				7EA093D61CE5B1E2004EE471 /* TDDemoCell.m in Sources */,
				7EF7C2151D2A664E004CFA7D /* RACCommandTestVC.m in Sources */,
				7ED265BA1CEC93E200173BE3 /* MWCaptionView.m in Sources */,
				7EF7C2021D2A4431004CFA7D /* RACLiftSelectorTestVC.m in Sources */,
				7EF7C1F91D2660B8004CFA7D /* RACRedView.m in Sources */,
				7ED265BD1CEC93E200173BE3 /* MWPhoto.m in Sources */,
				7EF7C20E1D2A4BFF004CFA7D /* RACModalVC.m in Sources */,
				7ED265D51CEC953400173BE3 /* DALabeledCircularProgressView.m in Sources */,
				7EF7C1FF1D266E98004CFA7D /* RACFlag.m in Sources */,
				7ED2659B1CEC484800173BE3 /* ImagePickerUploadButton.m in Sources */,
				7ECF68DA1D9A110C00EC1B99 /* RACTestViewController.m in Sources */,
				7ECEBAB61DE59BE100E0A99B /* BlockDemoVC.m in Sources */,
				7EF7C1E91D261C70004CFA7D /* RACSignalTestVC.m in Sources */,
				7E3E3FB11D2CE8A40085DCA0 /* RACConcatTestVC.m in Sources */,
				7ED2658B1CEB655900173BE3 /* ImagePickerCell.m in Sources */,
				7EF293011DEFEC8E00FE055C /* CellHeightDemoVC.m in Sources */,
				7ED265BE1CEC93E200173BE3 /* MWPhotoBrowser.m in Sources */,
				7EC3CC361CCA570000952B4D /* FirstTableViewCell.m in Sources */,
				7EF293051DEFECC200FE055C /* HeightDemoCell_1.m in Sources */,
				7EA093DC1CE5C850004EE471 /* TDTransitionFromFirToSec.m in Sources */,
				7EF2B0341DEF2C1700600054 /* BlocksKitDemo.m in Sources */,
				7ECEBAC11DE7278B00E0A99B /* RACDemoVC.m in Sources */,
				7ED343AC1DD2FB8C00732496 /* NSURLSessionTestViewController.m in Sources */,
				7EF7C2181D2B624C004CFA7D /* RACBindTestVC.m in Sources */,
				7EF7C1EC1D264BE2004CFA7D /* RACSubjectTestVC.m in Sources */,
				7E427F881CEB51DF0031EA69 /* AlbumPickerVC.m in Sources */,
				7EFA03B51CC71CE300B80B9B /* AppDelegate.m in Sources */,
				7ED265D81CECAEF300173BE3 /* ImagePickerEditCell.m in Sources */,
				7EA093C21CE57C68004EE471 /* TransitionDemoVC.m in Sources */,
				7EF78F4E1DED84760051F452 /* Department+CoreDataClass.m in Sources */,
				7E427F821CEB4ADD0031EA69 /* EditImageVC.m in Sources */,
				7EFA03B21CC71CE300B80B9B /* main.m in Sources */,
				7ECEBAB91DE5DFF000E0A99B /* BDCalculatorManager.m in Sources */,
				7ED265D41CEC953400173BE3 /* DACircularProgressView.m in Sources */,
				7EC3CC2D1CC9FE4100952B4D /* AutolayoutTestViewController.m in Sources */,
				7ED265BC1CEC93E200173BE3 /* MWGridViewController.m in Sources */,
				7E3E3FB81D2E3E810085DCA0 /* RACMVVMLoginVC.m in Sources */,
				7ED265A21CEC819500173BE3 /* ImageBrowserVC.m in Sources */,
				7EF293151DEFFD1500FE055C /* HeightDemoStackViewCell.m in Sources */,
				7E3E3FC31D2F54C90085DCA0 /* RACMVVMRequestVC.m in Sources */,
				7E0C01DC1DA8D2B1004ECFA6 /* SwiftVC.swift in Sources */,
				7EF7C1FC1D2669CB004CFA7D /* RACTupleTestVC.m in Sources */,
				7EF7C2121D2A5BB0004CFA7D /* RACMulticastConnectionTestVC.m in Sources */,
				7EBDA3E81D43964000C149F7 /* RACBookSearchVM.m in Sources */,
				7ED265BB1CEC93E200173BE3 /* MWGridCell.m in Sources */,
			);
			runOnlyForDeploymentPostprocessing = 0;
		};
/* End PBXSourcesBuildPhase section */

/* Begin XCBuildConfiguration section */
		7EFA03C21CC71CE300B80B9B /* Debug */ = {
			isa = XCBuildConfiguration;
			buildSettings = {
				ALWAYS_SEARCH_USER_PATHS = NO;
				CLANG_CXX_LANGUAGE_STANDARD = "gnu++0x";
				CLANG_CXX_LIBRARY = "libc++";
				CLANG_ENABLE_MODULES = YES;
				CLANG_ENABLE_OBJC_ARC = YES;
				CLANG_WARN_BOOL_CONVERSION = YES;
				CLANG_WARN_CONSTANT_CONVERSION = YES;
				CLANG_WARN_DIRECT_OBJC_ISA_USAGE = YES_ERROR;
				CLANG_WARN_EMPTY_BODY = YES;
				CLANG_WARN_ENUM_CONVERSION = YES;
				CLANG_WARN_INT_CONVERSION = YES;
				CLANG_WARN_OBJC_ROOT_CLASS = YES_ERROR;
				CLANG_WARN_UNREACHABLE_CODE = YES;
				CLANG_WARN__DUPLICATE_METHOD_MATCH = YES;
				"CODE_SIGN_IDENTITY[sdk=iphoneos*]" = "iPhone Developer";
				COPY_PHASE_STRIP = NO;
				DEBUG_INFORMATION_FORMAT = dwarf;
				ENABLE_STRICT_OBJC_MSGSEND = YES;
				ENABLE_TESTABILITY = YES;
				GCC_C_LANGUAGE_STANDARD = gnu99;
				GCC_DYNAMIC_NO_PIC = NO;
				GCC_NO_COMMON_BLOCKS = YES;
				GCC_OPTIMIZATION_LEVEL = 0;
				GCC_PREPROCESSOR_DEFINITIONS = (
					"DEBUG=1",
					"$(inherited)",
				);
				GCC_WARN_64_TO_32_BIT_CONVERSION = YES;
				GCC_WARN_ABOUT_RETURN_TYPE = YES_ERROR;
				GCC_WARN_UNDECLARED_SELECTOR = YES;
				GCC_WARN_UNINITIALIZED_AUTOS = YES_AGGRESSIVE;
				GCC_WARN_UNUSED_FUNCTION = YES;
				GCC_WARN_UNUSED_VARIABLE = YES;
				IPHONEOS_DEPLOYMENT_TARGET = 7.0;
				MTL_ENABLE_DEBUG_INFO = YES;
				ONLY_ACTIVE_ARCH = YES;
				SDKROOT = iphoneos;
				TARGETED_DEVICE_FAMILY = "1,2";
			};
			name = Debug;
		};
		7EFA03C31CC71CE300B80B9B /* Release */ = {
			isa = XCBuildConfiguration;
			buildSettings = {
				ALWAYS_SEARCH_USER_PATHS = NO;
				CLANG_CXX_LANGUAGE_STANDARD = "gnu++0x";
				CLANG_CXX_LIBRARY = "libc++";
				CLANG_ENABLE_MODULES = YES;
				CLANG_ENABLE_OBJC_ARC = YES;
				CLANG_WARN_BOOL_CONVERSION = YES;
				CLANG_WARN_CONSTANT_CONVERSION = YES;
				CLANG_WARN_DIRECT_OBJC_ISA_USAGE = YES_ERROR;
				CLANG_WARN_EMPTY_BODY = YES;
				CLANG_WARN_ENUM_CONVERSION = YES;
				CLANG_WARN_INT_CONVERSION = YES;
				CLANG_WARN_OBJC_ROOT_CLASS = YES_ERROR;
				CLANG_WARN_UNREACHABLE_CODE = YES;
				CLANG_WARN__DUPLICATE_METHOD_MATCH = YES;
				"CODE_SIGN_IDENTITY[sdk=iphoneos*]" = "iPhone Developer";
				COPY_PHASE_STRIP = NO;
				DEBUG_INFORMATION_FORMAT = "dwarf-with-dsym";
				ENABLE_NS_ASSERTIONS = NO;
				ENABLE_STRICT_OBJC_MSGSEND = YES;
				GCC_C_LANGUAGE_STANDARD = gnu99;
				GCC_NO_COMMON_BLOCKS = YES;
				GCC_WARN_64_TO_32_BIT_CONVERSION = YES;
				GCC_WARN_ABOUT_RETURN_TYPE = YES_ERROR;
				GCC_WARN_UNDECLARED_SELECTOR = YES;
				GCC_WARN_UNINITIALIZED_AUTOS = YES_AGGRESSIVE;
				GCC_WARN_UNUSED_FUNCTION = YES;
				GCC_WARN_UNUSED_VARIABLE = YES;
				IPHONEOS_DEPLOYMENT_TARGET = 7.0;
				MTL_ENABLE_DEBUG_INFO = NO;
				SDKROOT = iphoneos;
				TARGETED_DEVICE_FAMILY = "1,2";
				VALIDATE_PRODUCT = YES;
			};
			name = Release;
		};
		7EFA03C51CC71CE300B80B9B /* Debug */ = {
			isa = XCBuildConfiguration;
			baseConfigurationReference = 52E0558754EEE39A62FE486F /* Pods-iOSNote.debug.xcconfig */;
			buildSettings = {
				ASSETCATALOG_COMPILER_APPICON_NAME = AppIcon;
				CLANG_ENABLE_MODULES = YES;
				DEVELOPMENT_TEAM = ZQ62845Q4D;
				GCC_INCREASE_PRECOMPILED_HEADER_SHARING = NO;
				GCC_PRECOMPILE_PREFIX_HEADER = YES;
				GCC_PREFIX_HEADER = "iOSNote/iOSNote-prefix.pch";
				INFOPLIST_FILE = iOSNote/Info.plist;
				IPHONEOS_DEPLOYMENT_TARGET = 9.0;
				LD_RUNPATH_SEARCH_PATHS = "$(inherited) @executable_path/Frameworks";
				PRODUCT_BUNDLE_IDENTIFIER = com.yozoe.note.iOSNote;
				PRODUCT_NAME = "$(TARGET_NAME)";
				SWIFT_OBJC_BRIDGING_HEADER = "iOSNote/iOSNote-Bridging-Header.h";
				SWIFT_OPTIMIZATION_LEVEL = "-Onone";
				SWIFT_VERSION = 3.0;
			};
			name = Debug;
		};
		7EFA03C61CC71CE300B80B9B /* Release */ = {
			isa = XCBuildConfiguration;
			baseConfigurationReference = FDEB0E8D2E53652F994F76AD /* Pods-iOSNote.release.xcconfig */;
			buildSettings = {
				ASSETCATALOG_COMPILER_APPICON_NAME = AppIcon;
				CLANG_ENABLE_MODULES = YES;
				DEVELOPMENT_TEAM = ZQ62845Q4D;
				GCC_INCREASE_PRECOMPILED_HEADER_SHARING = NO;
				GCC_PRECOMPILE_PREFIX_HEADER = YES;
				GCC_PREFIX_HEADER = "iOSNote/iOSNote-prefix.pch";
				INFOPLIST_FILE = iOSNote/Info.plist;
				IPHONEOS_DEPLOYMENT_TARGET = 9.0;
				LD_RUNPATH_SEARCH_PATHS = "$(inherited) @executable_path/Frameworks";
				PRODUCT_BUNDLE_IDENTIFIER = com.yozoe.note.iOSNote;
				PRODUCT_NAME = "$(TARGET_NAME)";
				SWIFT_OBJC_BRIDGING_HEADER = "iOSNote/iOSNote-Bridging-Header.h";
				SWIFT_VERSION = 3.0;
			};
			name = Release;
		};
/* End XCBuildConfiguration section */

/* Begin XCConfigurationList section */
		7EFA03A81CC71CE300B80B9B /* Build configuration list for PBXProject "iOSNote" */ = {
			isa = XCConfigurationList;
			buildConfigurations = (
				7EFA03C21CC71CE300B80B9B /* Debug */,
				7EFA03C31CC71CE300B80B9B /* Release */,
			);
			defaultConfigurationIsVisible = 0;
			defaultConfigurationName = Release;
		};
		7EFA03C41CC71CE300B80B9B /* Build configuration list for PBXNativeTarget "iOSNote" */ = {
			isa = XCConfigurationList;
			buildConfigurations = (
				7EFA03C51CC71CE300B80B9B /* Debug */,
				7EFA03C61CC71CE300B80B9B /* Release */,
			);
			defaultConfigurationIsVisible = 0;
			defaultConfigurationName = Release;
		};
/* End XCConfigurationList section */

/* Begin XCVersionGroup section */
		7EB814521CED633D0007F261 /* iOSNote.xcdatamodeld */ = {
			isa = XCVersionGroup;
			children = (
				7EB814531CED633D0007F261 /* iOSNote.xcdatamodel */,
			);
			currentVersion = 7EB814531CED633D0007F261 /* iOSNote.xcdatamodel */;
			path = iOSNote.xcdatamodeld;
			sourceTree = "<group>";
			versionGroupType = wrapper.xcdatamodel;
		};
/* End XCVersionGroup section */
	};
	rootObject = 7EFA03A51CC71CE300B80B9B /* Project object */;
}
