// !$*UTF8*$!
{
	archiveVersion = 1;
	classes = {
	};
	objectVersion = 46;
	objects = {

/* Begin PBXBuildFile section */
		7E13A4F91D38965A005E2E56 /* main.m in Sources */ = {isa = PBXBuildFile; fileRef = 7E13A4F81D38965A005E2E56 /* main.m */; };
		7ECEEF691DCA11E800338A2B /* Test1.m in Sources */ = {isa = PBXBuildFile; fileRef = 7ECEEF681DCA11E800338A2B /* Test1.m */; };
		7ECEEF6C1DCA11FA00338A2B /* Test2.m in Sources */ = {isa = PBXBuildFile; fileRef = 7ECEEF6B1DCA11FA00338A2B /* Test2.m */; };
		7ECEEF701DCA2A7400338A2B /* NSObject+TestCategory.m in Sources */ = {isa = PBXBuildFile; fileRef = 7ECEEF6F1DCA2A7400338A2B /* NSObject+TestCategory.m */; };
/* End PBXBuildFile section */

/* Begin PBXCopyFilesBuildPhase section */
		7E13A4F31D38965A005E2E56 /* CopyFiles */ = {
			isa = PBXCopyFilesBuildPhase;
			buildActionMask = 2147483647;
			dstPath = /usr/share/man/man1/;
			dstSubfolderSpec = 0;
			files = (
			);
			runOnlyForDeploymentPostprocessing = 1;
		};
/* End PBXCopyFilesBuildPhase section */

/* Begin PBXFileReference section */
		7E13A4F51D38965A005E2E56 /* CommandLineTest */ = {isa = PBXFileReference; explicitFileType = "compiled.mach-o.executable"; includeInIndex = 0; path = CommandLineTest; sourceTree = BUILT_PRODUCTS_DIR; };
		7E13A4F81D38965A005E2E56 /* main.m */ = {isa = PBXFileReference; lastKnownFileType = sourcecode.c.objc; path = main.m; sourceTree = "<group>"; };
		7ECEEF671DCA11E800338A2B /* Test1.h */ = {isa = PBXFileReference; fileEncoding = 4; lastKnownFileType = sourcecode.c.h; path = Test1.h; sourceTree = "<group>"; };
		7ECEEF681DCA11E800338A2B /* Test1.m */ = {isa = PBXFileReference; fileEncoding = 4; lastKnownFileType = sourcecode.c.objc; path = Test1.m; sourceTree = "<group>"; };
		7ECEEF6A1DCA11FA00338A2B /* Test2.h */ = {isa = PBXFileReference; fileEncoding = 4; lastKnownFileType = sourcecode.c.h; path = Test2.h; sourceTree = "<group>"; };
		7ECEEF6B1DCA11FA00338A2B /* Test2.m */ = {isa = PBXFileReference; fileEncoding = 4; lastKnownFileType = sourcecode.c.objc; path = Test2.m; sourceTree = "<group>"; };
		7ECEEF6D1DCA2A0200338A2B /* TestProtocol.h */ = {isa = PBXFileReference; fileEncoding = 4; lastKnownFileType = sourcecode.c.h; path = TestProtocol.h; sourceTree = "<group>"; };
		7ECEEF6E1DCA2A7400338A2B /* NSObject+TestCategory.h */ = {isa = PBXFileReference; fileEncoding = 4; lastKnownFileType = sourcecode.c.h; path = "NSObject+TestCategory.h"; sourceTree = "<group>"; };
		7ECEEF6F1DCA2A7400338A2B /* NSObject+TestCategory.m */ = {isa = PBXFileReference; fileEncoding = 4; lastKnownFileType = sourcecode.c.objc; path = "NSObject+TestCategory.m"; sourceTree = "<group>"; };
/* End PBXFileReference section */

/* Begin PBXFrameworksBuildPhase section */
		7E13A4F21D38965A005E2E56 /* Frameworks */ = {
			isa = PBXFrameworksBuildPhase;
			buildActionMask = 2147483647;
			files = (
			);
			runOnlyForDeploymentPostprocessing = 0;
		};
/* End PBXFrameworksBuildPhase section */

/* Begin PBXGroup section */
		7E13A4EC1D38965A005E2E56 = {
			isa = PBXGroup;
			children = (
				7E13A4F71D38965A005E2E56 /* CommandLineTest */,
				7E13A4F61D38965A005E2E56 /* Products */,
			);
			sourceTree = "<group>";
		};
		7E13A4F61D38965A005E2E56 /* Products */ = {
			isa = PBXGroup;
			children = (
				7E13A4F51D38965A005E2E56 /* CommandLineTest */,
			);
			name = Products;
			sourceTree = "<group>";
		};
		7E13A4F71D38965A005E2E56 /* CommandLineTest */ = {
			isa = PBXGroup;
			children = (
				7E13A4F81D38965A005E2E56 /* main.m */,
				7ECEEF671DCA11E800338A2B /* Test1.h */,
				7ECEEF681DCA11E800338A2B /* Test1.m */,
				7ECEEF6A1DCA11FA00338A2B /* Test2.h */,
				7ECEEF6B1DCA11FA00338A2B /* Test2.m */,
				7ECEEF6D1DCA2A0200338A2B /* TestProtocol.h */,
				7ECEEF6E1DCA2A7400338A2B /* NSObject+TestCategory.h */,
				7ECEEF6F1DCA2A7400338A2B /* NSObject+TestCategory.m */,
			);
			path = CommandLineTest;
			sourceTree = "<group>";
		};
/* End PBXGroup section */

/* Begin PBXNativeTarget section */
		7E13A4F41D38965A005E2E56 /* CommandLineTest */ = {
			isa = PBXNativeTarget;
			buildConfigurationList = 7E13A4FC1D38965A005E2E56 /* Build configuration list for PBXNativeTarget "CommandLineTest" */;
			buildPhases = (
				7E13A4F11D38965A005E2E56 /* Sources */,
				7E13A4F21D38965A005E2E56 /* Frameworks */,
				7E13A4F31D38965A005E2E56 /* CopyFiles */,
			);
			buildRules = (
			);
			dependencies = (
			);
			name = CommandLineTest;
			productName = CommandLineTest;
			productReference = 7E13A4F51D38965A005E2E56 /* CommandLineTest */;
			productType = "com.apple.product-type.tool";
		};
/* End PBXNativeTarget section */

/* Begin PBXProject section */
		7E13A4ED1D38965A005E2E56 /* Project object */ = {
			isa = PBXProject;
			attributes = {
				LastUpgradeCheck = 0810;
				ORGANIZATIONNAME = yozoe;
				TargetAttributes = {
					7E13A4F41D38965A005E2E56 = {
						CreatedOnToolsVersion = 7.3;
					};
				};
			};
			buildConfigurationList = 7E13A4F01D38965A005E2E56 /* Build configuration list for PBXProject "CommandLineTest" */;
			compatibilityVersion = "Xcode 3.2";
			developmentRegion = English;
			hasScannedForEncodings = 0;
			knownRegions = (
				en,
			);
			mainGroup = 7E13A4EC1D38965A005E2E56;
			productRefGroup = 7E13A4F61D38965A005E2E56 /* Products */;
			projectDirPath = "";
			projectRoot = "";
			targets = (
				7E13A4F41D38965A005E2E56 /* CommandLineTest */,
			);
		};
/* End PBXProject section */

/* Begin PBXSourcesBuildPhase section */
		7E13A4F11D38965A005E2E56 /* Sources */ = {
			isa = PBXSourcesBuildPhase;
			buildActionMask = 2147483647;
			files = (
				7ECEEF6C1DCA11FA00338A2B /* Test2.m in Sources */,
				7E13A4F91D38965A005E2E56 /* main.m in Sources */,
				7ECEEF691DCA11E800338A2B /* Test1.m in Sources */,
				7ECEEF701DCA2A7400338A2B /* NSObject+TestCategory.m in Sources */,
			);
			runOnlyForDeploymentPostprocessing = 0;
		};
/* End PBXSourcesBuildPhase section */

/* Begin XCBuildConfiguration section */
		7E13A4FA1D38965A005E2E56 /* Debug */ = {
			isa = XCBuildConfiguration;
			buildSettings = {
				ALWAYS_SEARCH_USER_PATHS = NO;
				CLANG_ANALYZER_NONNULL = YES;
				CLANG_CXX_LANGUAGE_STANDARD = "gnu++0x";
				CLANG_CXX_LIBRARY = "libc++";
				CLANG_ENABLE_MODULES = YES;
				CLANG_ENABLE_OBJC_ARC = YES;
				CLANG_WARN_BOOL_CONVERSION = YES;
				CLANG_WARN_CONSTANT_CONVERSION = YES;
				CLANG_WARN_DIRECT_OBJC_ISA_USAGE = YES_ERROR;
				CLANG_WARN_EMPTY_BODY = YES;
				CLANG_WARN_ENUM_CONVERSION = YES;
				CLANG_WARN_INFINITE_RECURSION = YES;
				CLANG_WARN_INT_CONVERSION = YES;
				CLANG_WARN_OBJC_ROOT_CLASS = YES_ERROR;
				CLANG_WARN_SUSPICIOUS_MOVE = YES;
				CLANG_WARN_UNREACHABLE_CODE = YES;
				CLANG_WARN__DUPLICATE_METHOD_MATCH = YES;
				CODE_SIGN_IDENTITY = "-";
				COPY_PHASE_STRIP = NO;
				DEBUG_INFORMATION_FORMAT = dwarf;
				ENABLE_STRICT_OBJC_MSGSEND = YES;
				ENABLE_TESTABILITY = YES;
				GCC_C_LANGUAGE_STANDARD = gnu99;
				GCC_DYNAMIC_NO_PIC = NO;
				GCC_NO_COMMON_BLOCKS = YES;
				GCC_OPTIMIZATION_LEVEL = 0;
				GCC_PREPROCESSOR_DEFINITIONS = (
					"DEBUG=1",
					"$(inherited)",
				);
				GCC_WARN_64_TO_32_BIT_CONVERSION = YES;
				GCC_WARN_ABOUT_RETURN_TYPE = YES_ERROR;
				GCC_WARN_UNDECLARED_SELECTOR = YES;
				GCC_WARN_UNINITIALIZED_AUTOS = YES_AGGRESSIVE;
				GCC_WARN_UNUSED_FUNCTION = YES;
				GCC_WARN_UNUSED_VARIABLE = YES;
				MACOSX_DEPLOYMENT_TARGET = 10.11;
				MTL_ENABLE_DEBUG_INFO = YES;
				ONLY_ACTIVE_ARCH = YES;
				SDKROOT = macosx;
			};
			name = Debug;
		};
		7E13A4FB1D38965A005E2E56 /* Release */ = {
			isa = XCBuildConfiguration;
			buildSettings = {
				ALWAYS_SEARCH_USER_PATHS = NO;
				CLANG_ANALYZER_NONNULL = YES;
				CLANG_CXX_LANGUAGE_STANDARD = "gnu++0x";
				CLANG_CXX_LIBRARY = "libc++";
				CLANG_ENABLE_MODULES = YES;
				CLANG_ENABLE_OBJC_ARC = YES;
				CLANG_WARN_BOOL_CONVERSION = YES;
				CLANG_WARN_CONSTANT_CONVERSION = YES;
				CLANG_WARN_DIRECT_OBJC_ISA_USAGE = YES_ERROR;
				CLANG_WARN_EMPTY_BODY = YES;
				CLANG_WARN_ENUM_CONVERSION = YES;
				CLANG_WARN_INFINITE_RECURSION = YES;
				CLANG_WARN_INT_CONVERSION = YES;
				CLANG_WARN_OBJC_ROOT_CLASS = YES_ERROR;
				CLANG_WARN_SUSPICIOUS_MOVE = YES;
				CLANG_WARN_UNREACHABLE_CODE = YES;
				CLANG_WARN__DUPLICATE_METHOD_MATCH = YES;
				CODE_SIGN_IDENTITY = "-";
				COPY_PHASE_STRIP = NO;
				DEBUG_INFORMATION_FORMAT = "dwarf-with-dsym";
				ENABLE_NS_ASSERTIONS = NO;
				ENABLE_STRICT_OBJC_MSGSEND = YES;
				GCC_C_LANGUAGE_STANDARD = gnu99;
				GCC_NO_COMMON_BLOCKS = YES;
				GCC_WARN_64_TO_32_BIT_CONVERSION = YES;
				GCC_WARN_ABOUT_RETURN_TYPE = YES_ERROR;
				GCC_WARN_UNDECLARED_SELECTOR = YES;
				GCC_WARN_UNINITIALIZED_AUTOS = YES_AGGRESSIVE;
				GCC_WARN_UNUSED_FUNCTION = YES;
				GCC_WARN_UNUSED_VARIABLE = YES;
				MACOSX_DEPLOYMENT_TARGET = 10.11;
				MTL_ENABLE_DEBUG_INFO = NO;
				SDKROOT = macosx;
			};
			name = Release;
		};
		7E13A4FD1D38965A005E2E56 /* Debug */ = {
			isa = XCBuildConfiguration;
			buildSettings = {
				PRODUCT_NAME = "$(TARGET_NAME)";
			};
			name = Debug;
		};
		7E13A4FE1D38965A005E2E56 /* Release */ = {
			isa = XCBuildConfiguration;
			buildSettings = {
				PRODUCT_NAME = "$(TARGET_NAME)";
			};
			name = Release;
		};
/* End XCBuildConfiguration section */

/* Begin XCConfigurationList section */
		7E13A4F01D38965A005E2E56 /* Build configuration list for PBXProject "CommandLineTest" */ = {
			isa = XCConfigurationList;
			buildConfigurations = (
				7E13A4FA1D38965A005E2E56 /* Debug */,
				7E13A4FB1D38965A005E2E56 /* Release */,
			);
			defaultConfigurationIsVisible = 0;
			defaultConfigurationName = Release;
		};
		7E13A4FC1D38965A005E2E56 /* Build configuration list for PBXNativeTarget "CommandLineTest" */ = {
			isa = XCConfigurationList;
			buildConfigurations = (
				7E13A4FD1D38965A005E2E56 /* Debug */,
				7E13A4FE1D38965A005E2E56 /* Release */,
			);
			defaultConfigurationIsVisible = 0;
			defaultConfigurationName = Release;
		};
/* End XCConfigurationList section */
	};
	rootObject = 7E13A4ED1D38965A005E2E56 /* Project object */;
}
